// !$*UTF8*$!
{
	archiveVersion = 1;
	classes = {
	};
	objectVersion = 46;
	objects = {

/* Begin PBXBuildFile section */
		1F12E5CE1732C55A00B55EB0 /* DKArticleTableViewCell.m in Sources */ = {isa = PBXBuildFile; fileRef = 1F12E5CD1732C55A00B55EB0 /* DKArticleTableViewCell.m */; };
		1F31A75717312EDB004343FF /* UIKit.framework in Frameworks */ = {isa = PBXBuildFile; fileRef = 1F31A75617312EDB004343FF /* UIKit.framework */; };
		1F31A75917312EDB004343FF /* Foundation.framework in Frameworks */ = {isa = PBXBuildFile; fileRef = 1F31A75817312EDB004343FF /* Foundation.framework */; };
		1F31A75B17312EDB004343FF /* CoreGraphics.framework in Frameworks */ = {isa = PBXBuildFile; fileRef = 1F31A75A17312EDB004343FF /* CoreGraphics.framework */; };
		1F31A76117312EDB004343FF /* InfoPlist.strings in Resources */ = {isa = PBXBuildFile; fileRef = 1F31A75F17312EDB004343FF /* InfoPlist.strings */; };
		1F31A76317312EDB004343FF /* main.m in Sources */ = {isa = PBXBuildFile; fileRef = 1F31A76217312EDB004343FF /* main.m */; };
		1F31A76717312EDB004343FF /* DKAppDelegate.m in Sources */ = {isa = PBXBuildFile; fileRef = 1F31A76617312EDB004343FF /* DKAppDelegate.m */; };
		1F31A76917312EDB004343FF /* Default.png in Resources */ = {isa = PBXBuildFile; fileRef = 1F31A76817312EDB004343FF /* Default.png */; };
		1F31A76B17312EDB004343FF /* Default@2x.png in Resources */ = {isa = PBXBuildFile; fileRef = 1F31A76A17312EDB004343FF /* Default@2x.png */; };
		1F31A76D17312EDB004343FF /* Default-568h@2x.png in Resources */ = {isa = PBXBuildFile; fileRef = 1F31A76C17312EDB004343FF /* Default-568h@2x.png */; };
		1F31A77017312EDB004343FF /* MainStoryboard.storyboard in Resources */ = {isa = PBXBuildFile; fileRef = 1F31A76E17312EDB004343FF /* MainStoryboard.storyboard */; };
		1F31A77F17313036004343FF /* DKArticleTableViewController.m in Sources */ = {isa = PBXBuildFile; fileRef = 1F31A77E17313036004343FF /* DKArticleTableViewController.m */; };
		1F31A79417313E3A004343FF /* AFHTTPClient.m in Sources */ = {isa = PBXBuildFile; fileRef = 1F31A78217313E3A004343FF /* AFHTTPClient.m */; };
		1F31A79517313E3A004343FF /* AFHTTPRequestOperation.m in Sources */ = {isa = PBXBuildFile; fileRef = 1F31A78417313E3A004343FF /* AFHTTPRequestOperation.m */; };
		1F31A79617313E3A004343FF /* AFImageRequestOperation.m in Sources */ = {isa = PBXBuildFile; fileRef = 1F31A78617313E3A004343FF /* AFImageRequestOperation.m */; };
		1F31A79717313E3A004343FF /* AFJSONRequestOperation.m in Sources */ = {isa = PBXBuildFile; fileRef = 1F31A78817313E3A004343FF /* AFJSONRequestOperation.m */; };
		1F31A79817313E3A004343FF /* AFNetworkActivityIndicatorManager.m in Sources */ = {isa = PBXBuildFile; fileRef = 1F31A78A17313E3A004343FF /* AFNetworkActivityIndicatorManager.m */; };
		1F31A79917313E3A004343FF /* AFPropertyListRequestOperation.m in Sources */ = {isa = PBXBuildFile; fileRef = 1F31A78D17313E3A004343FF /* AFPropertyListRequestOperation.m */; };
		1F31A79A17313E3A004343FF /* AFURLConnectionOperation.m in Sources */ = {isa = PBXBuildFile; fileRef = 1F31A78F17313E3A004343FF /* AFURLConnectionOperation.m */; };
		1F31A79B17313E3A004343FF /* AFXMLRequestOperation.m in Sources */ = {isa = PBXBuildFile; fileRef = 1F31A79117313E3A004343FF /* AFXMLRequestOperation.m */; };
		1F31A79C17313E3A004343FF /* UIImageView+AFNetworking.m in Sources */ = {isa = PBXBuildFile; fileRef = 1F31A79317313E3A004343FF /* UIImageView+AFNetworking.m */; };
		1F31A7A51731631A004343FF /* DKArticleViewController.m in Sources */ = {isa = PBXBuildFile; fileRef = 1F31A7A41731631A004343FF /* DKArticleViewController.m */; };
/* End PBXBuildFile section */

/* Begin PBXFileReference section */
		1F12E5CC1732C55A00B55EB0 /* DKArticleTableViewCell.h */ = {isa = PBXFileReference; fileEncoding = 4; lastKnownFileType = sourcecode.c.h; name = DKArticleTableViewCell.h; path = View/DKArticleTableViewCell.h; sourceTree = "<group>"; };
		1F12E5CD1732C55A00B55EB0 /* DKArticleTableViewCell.m */ = {isa = PBXFileReference; fileEncoding = 4; lastKnownFileType = sourcecode.c.objc; name = DKArticleTableViewCell.m; path = View/DKArticleTableViewCell.m; sourceTree = "<group>"; };
		1F31A75317312EDB004343FF /* echojs.app */ = {isa = PBXFileReference; explicitFileType = wrapper.application; includeInIndex = 0; path = echojs.app; sourceTree = BUILT_PRODUCTS_DIR; };
		1F31A75617312EDB004343FF /* UIKit.framework */ = {isa = PBXFileReference; lastKnownFileType = wrapper.framework; name = UIKit.framework; path = System/Library/Frameworks/UIKit.framework; sourceTree = SDKROOT; };
		1F31A75817312EDB004343FF /* Foundation.framework */ = {isa = PBXFileReference; lastKnownFileType = wrapper.framework; name = Foundation.framework; path = System/Library/Frameworks/Foundation.framework; sourceTree = SDKROOT; };
		1F31A75A17312EDB004343FF /* CoreGraphics.framework */ = {isa = PBXFileReference; lastKnownFileType = wrapper.framework; name = CoreGraphics.framework; path = System/Library/Frameworks/CoreGraphics.framework; sourceTree = SDKROOT; };
		1F31A75E17312EDB004343FF /* echojs-Info.plist */ = {isa = PBXFileReference; lastKnownFileType = text.plist.xml; path = "echojs-Info.plist"; sourceTree = "<group>"; };
		1F31A76017312EDB004343FF /* en */ = {isa = PBXFileReference; lastKnownFileType = text.plist.strings; name = en; path = en.lproj/InfoPlist.strings; sourceTree = "<group>"; };
		1F31A76217312EDB004343FF /* main.m */ = {isa = PBXFileReference; lastKnownFileType = sourcecode.c.objc; path = main.m; sourceTree = "<group>"; };
		1F31A76417312EDB004343FF /* echojs-Prefix.pch */ = {isa = PBXFileReference; lastKnownFileType = sourcecode.c.h; path = "echojs-Prefix.pch"; sourceTree = "<group>"; };
		1F31A76517312EDB004343FF /* DKAppDelegate.h */ = {isa = PBXFileReference; lastKnownFileType = sourcecode.c.h; path = DKAppDelegate.h; sourceTree = "<group>"; };
		1F31A76617312EDB004343FF /* DKAppDelegate.m */ = {isa = PBXFileReference; lastKnownFileType = sourcecode.c.objc; path = DKAppDelegate.m; sourceTree = "<group>"; };
		1F31A76817312EDB004343FF /* Default.png */ = {isa = PBXFileReference; lastKnownFileType = image.png; path = Default.png; sourceTree = "<group>"; };
		1F31A76A17312EDB004343FF /* Default@2x.png */ = {isa = PBXFileReference; lastKnownFileType = image.png; path = "Default@2x.png"; sourceTree = "<group>"; };
		1F31A76C17312EDB004343FF /* Default-568h@2x.png */ = {isa = PBXFileReference; lastKnownFileType = image.png; path = "Default-568h@2x.png"; sourceTree = "<group>"; };
		1F31A76F17312EDB004343FF /* en */ = {isa = PBXFileReference; lastKnownFileType = file.storyboard; name = en; path = en.lproj/MainStoryboard.storyboard; sourceTree = "<group>"; };
		1F31A77D17313036004343FF /* DKArticleTableViewController.h */ = {isa = PBXFileReference; fileEncoding = 4; lastKnownFileType = sourcecode.c.h; name = DKArticleTableViewController.h; path = Controller/DKArticleTableViewController.h; sourceTree = "<group>"; };
		1F31A77E17313036004343FF /* DKArticleTableViewController.m */ = {isa = PBXFileReference; fileEncoding = 4; lastKnownFileType = sourcecode.c.objc; name = DKArticleTableViewController.m; path = Controller/DKArticleTableViewController.m; sourceTree = "<group>"; };
		1F31A78117313E3A004343FF /* AFHTTPClient.h */ = {isa = PBXFileReference; fileEncoding = 4; lastKnownFileType = sourcecode.c.h; path = AFHTTPClient.h; sourceTree = "<group>"; };
		1F31A78217313E3A004343FF /* AFHTTPClient.m */ = {isa = PBXFileReference; fileEncoding = 4; lastKnownFileType = sourcecode.c.objc; path = AFHTTPClient.m; sourceTree = "<group>"; };
		1F31A78317313E3A004343FF /* AFHTTPRequestOperation.h */ = {isa = PBXFileReference; fileEncoding = 4; lastKnownFileType = sourcecode.c.h; path = AFHTTPRequestOperation.h; sourceTree = "<group>"; };
		1F31A78417313E3A004343FF /* AFHTTPRequestOperation.m */ = {isa = PBXFileReference; fileEncoding = 4; lastKnownFileType = sourcecode.c.objc; path = AFHTTPRequestOperation.m; sourceTree = "<group>"; };
		1F31A78517313E3A004343FF /* AFImageRequestOperation.h */ = {isa = PBXFileReference; fileEncoding = 4; lastKnownFileType = sourcecode.c.h; path = AFImageRequestOperation.h; sourceTree = "<group>"; };
		1F31A78617313E3A004343FF /* AFImageRequestOperation.m */ = {isa = PBXFileReference; fileEncoding = 4; lastKnownFileType = sourcecode.c.objc; path = AFImageRequestOperation.m; sourceTree = "<group>"; };
		1F31A78717313E3A004343FF /* AFJSONRequestOperation.h */ = {isa = PBXFileReference; fileEncoding = 4; lastKnownFileType = sourcecode.c.h; path = AFJSONRequestOperation.h; sourceTree = "<group>"; };
		1F31A78817313E3A004343FF /* AFJSONRequestOperation.m */ = {isa = PBXFileReference; fileEncoding = 4; lastKnownFileType = sourcecode.c.objc; path = AFJSONRequestOperation.m; sourceTree = "<group>"; };
		1F31A78917313E3A004343FF /* AFNetworkActivityIndicatorManager.h */ = {isa = PBXFileReference; fileEncoding = 4; lastKnownFileType = sourcecode.c.h; path = AFNetworkActivityIndicatorManager.h; sourceTree = "<group>"; };
		1F31A78A17313E3A004343FF /* AFNetworkActivityIndicatorManager.m */ = {isa = PBXFileReference; fileEncoding = 4; lastKnownFileType = sourcecode.c.objc; path = AFNetworkActivityIndicatorManager.m; sourceTree = "<group>"; };
		1F31A78B17313E3A004343FF /* AFNetworking.h */ = {isa = PBXFileReference; fileEncoding = 4; lastKnownFileType = sourcecode.c.h; path = AFNetworking.h; sourceTree = "<group>"; };
		1F31A78C17313E3A004343FF /* AFPropertyListRequestOperation.h */ = {isa = PBXFileReference; fileEncoding = 4; lastKnownFileType = sourcecode.c.h; path = AFPropertyListRequestOperation.h; sourceTree = "<group>"; };
		1F31A78D17313E3A004343FF /* AFPropertyListRequestOperation.m */ = {isa = PBXFileReference; fileEncoding = 4; lastKnownFileType = sourcecode.c.objc; path = AFPropertyListRequestOperation.m; sourceTree = "<group>"; };
		1F31A78E17313E3A004343FF /* AFURLConnectionOperation.h */ = {isa = PBXFileReference; fileEncoding = 4; lastKnownFileType = sourcecode.c.h; path = AFURLConnectionOperation.h; sourceTree = "<group>"; };
		1F31A78F17313E3A004343FF /* AFURLConnectionOperation.m */ = {isa = PBXFileReference; fileEncoding = 4; lastKnownFileType = sourcecode.c.objc; path = AFURLConnectionOperation.m; sourceTree = "<group>"; };
		1F31A79017313E3A004343FF /* AFXMLRequestOperation.h */ = {isa = PBXFileReference; fileEncoding = 4; lastKnownFileType = sourcecode.c.h; path = AFXMLRequestOperation.h; sourceTree = "<group>"; };
		1F31A79117313E3A004343FF /* AFXMLRequestOperation.m */ = {isa = PBXFileReference; fileEncoding = 4; lastKnownFileType = sourcecode.c.objc; path = AFXMLRequestOperation.m; sourceTree = "<group>"; };
		1F31A79217313E3A004343FF /* UIImageView+AFNetworking.h */ = {isa = PBXFileReference; fileEncoding = 4; lastKnownFileType = sourcecode.c.h; path = "UIImageView+AFNetworking.h"; sourceTree = "<group>"; };
		1F31A79317313E3A004343FF /* UIImageView+AFNetworking.m */ = {isa = PBXFileReference; fileEncoding = 4; lastKnownFileType = sourcecode.c.objc; path = "UIImageView+AFNetworking.m"; sourceTree = "<group>"; };
		1F31A7A31731631A004343FF /* DKArticleViewController.h */ = {isa = PBXFileReference; fileEncoding = 4; lastKnownFileType = sourcecode.c.h; name = DKArticleViewController.h; path = Controller/DKArticleViewController.h; sourceTree = "<group>"; };
		1F31A7A41731631A004343FF /* DKArticleViewController.m */ = {isa = PBXFileReference; fileEncoding = 4; lastKnownFileType = sourcecode.c.objc; name = DKArticleViewController.m; path = Controller/DKArticleViewController.m; sourceTree = "<group>"; };
/* End PBXFileReference section */

/* Begin PBXFrameworksBuildPhase section */
		1F31A75017312EDB004343FF /* Frameworks */ = {
			isa = PBXFrameworksBuildPhase;
			buildActionMask = 2147483647;
			files = (
				1F31A75717312EDB004343FF /* UIKit.framework in Frameworks */,
				1F31A75917312EDB004343FF /* Foundation.framework in Frameworks */,
				1F31A75B17312EDB004343FF /* CoreGraphics.framework in Frameworks */,
			);
			runOnlyForDeploymentPostprocessing = 0;
		};
/* End PBXFrameworksBuildPhase section */

/* Begin PBXGroup section */
		1F12E5CB1732C52600B55EB0 /* View */ = {
			isa = PBXGroup;
			children = (
				1F12E5CC1732C55A00B55EB0 /* DKArticleTableViewCell.h */,
				1F12E5CD1732C55A00B55EB0 /* DKArticleTableViewCell.m */,
			);
			name = View;
			sourceTree = "<group>";
		};
		1F31A74A17312EDB004343FF = {
			isa = PBXGroup;
			children = (
				1F31A75C17312EDB004343FF /* echojs */,
				1F31A75517312EDB004343FF /* Frameworks */,
				1F31A75417312EDB004343FF /* Products */,
			);
			sourceTree = "<group>";
		};
		1F31A75417312EDB004343FF /* Products */ = {
			isa = PBXGroup;
			children = (
				1F31A75317312EDB004343FF /* echojs.app */,
			);
			name = Products;
			sourceTree = "<group>";
		};
		1F31A75517312EDB004343FF /* Frameworks */ = {
			isa = PBXGroup;
			children = (
				1F31A75617312EDB004343FF /* UIKit.framework */,
				1F31A75817312EDB004343FF /* Foundation.framework */,
				1F31A75A17312EDB004343FF /* CoreGraphics.framework */,
			);
			name = Frameworks;
			sourceTree = "<group>";
		};
		1F31A75C17312EDB004343FF /* echojs */ = {
			isa = PBXGroup;
			children = (
				1F12E5CB1732C52600B55EB0 /* View */,
				1F31A78017313E3A004343FF /* AFNetworking */,
				1F31A77C17312FFC004343FF /* Controller */,
				1F31A76517312EDB004343FF /* DKAppDelegate.h */,
				1F31A76617312EDB004343FF /* DKAppDelegate.m */,
				1F31A76E17312EDB004343FF /* MainStoryboard.storyboard */,
				1F31A75D17312EDB004343FF /* Supporting Files */,
			);
			path = echojs;
			sourceTree = "<group>";
		};
		1F31A75D17312EDB004343FF /* Supporting Files */ = {
			isa = PBXGroup;
			children = (
				1F31A75E17312EDB004343FF /* echojs-Info.plist */,
				1F31A75F17312EDB004343FF /* InfoPlist.strings */,
				1F31A76217312EDB004343FF /* main.m */,
				1F31A76417312EDB004343FF /* echojs-Prefix.pch */,
				1F31A76817312EDB004343FF /* Default.png */,
				1F31A76A17312EDB004343FF /* Default@2x.png */,
				1F31A76C17312EDB004343FF /* Default-568h@2x.png */,
			);
			name = "Supporting Files";
			sourceTree = "<group>";
		};
		1F31A77C17312FFC004343FF /* Controller */ = {
			isa = PBXGroup;
			children = (
				1F31A7A31731631A004343FF /* DKArticleViewController.h */,
				1F31A7A41731631A004343FF /* DKArticleViewController.m */,
				1F31A77D17313036004343FF /* DKArticleTableViewController.h */,
				1F31A77E17313036004343FF /* DKArticleTableViewController.m */,
			);
			name = Controller;
			sourceTree = "<group>";
		};
		1F31A78017313E3A004343FF /* AFNetworking */ = {
			isa = PBXGroup;
			children = (
				1F31A78117313E3A004343FF /* AFHTTPClient.h */,
				1F31A78217313E3A004343FF /* AFHTTPClient.m */,
				1F31A78317313E3A004343FF /* AFHTTPRequestOperation.h */,
				1F31A78417313E3A004343FF /* AFHTTPRequestOperation.m */,
				1F31A78517313E3A004343FF /* AFImageRequestOperation.h */,
				1F31A78617313E3A004343FF /* AFImageRequestOperation.m */,
				1F31A78717313E3A004343FF /* AFJSONRequestOperation.h */,
				1F31A78817313E3A004343FF /* AFJSONRequestOperation.m */,
				1F31A78917313E3A004343FF /* AFNetworkActivityIndicatorManager.h */,
				1F31A78A17313E3A004343FF /* AFNetworkActivityIndicatorManager.m */,
				1F31A78B17313E3A004343FF /* AFNetworking.h */,
				1F31A78C17313E3A004343FF /* AFPropertyListRequestOperation.h */,
				1F31A78D17313E3A004343FF /* AFPropertyListRequestOperation.m */,
				1F31A78E17313E3A004343FF /* AFURLConnectionOperation.h */,
				1F31A78F17313E3A004343FF /* AFURLConnectionOperation.m */,
				1F31A79017313E3A004343FF /* AFXMLRequestOperation.h */,
				1F31A79117313E3A004343FF /* AFXMLRequestOperation.m */,
				1F31A79217313E3A004343FF /* UIImageView+AFNetworking.h */,
				1F31A79317313E3A004343FF /* UIImageView+AFNetworking.m */,
			);
			path = AFNetworking;
			sourceTree = "<group>";
		};
/* End PBXGroup section */

/* Begin PBXNativeTarget section */
		1F31A75217312EDB004343FF /* echojs */ = {
			isa = PBXNativeTarget;
			buildConfigurationList = 1F31A77617312EDB004343FF /* Build configuration list for PBXNativeTarget "echojs" */;
			buildPhases = (
				1F31A74F17312EDB004343FF /* Sources */,
				1F31A75017312EDB004343FF /* Frameworks */,
				1F31A75117312EDB004343FF /* Resources */,
			);
			buildRules = (
			);
			dependencies = (
			);
			name = echojs;
			productName = echojs;
			productReference = 1F31A75317312EDB004343FF /* echojs.app */;
			productType = "com.apple.product-type.application";
		};
/* End PBXNativeTarget section */

/* Begin PBXProject section */
		1F31A74B17312EDB004343FF /* Project object */ = {
			isa = PBXProject;
			attributes = {
				CLASSPREFIX = DK;
				LastUpgradeCheck = 0460;
				ORGANIZATIONNAME = "Damien Klinnert";
			};
			buildConfigurationList = 1F31A74E17312EDB004343FF /* Build configuration list for PBXProject "echojs" */;
			compatibilityVersion = "Xcode 3.2";
			developmentRegion = English;
			hasScannedForEncodings = 0;
			knownRegions = (
				en,
			);
			mainGroup = 1F31A74A17312EDB004343FF;
			productRefGroup = 1F31A75417312EDB004343FF /* Products */;
			projectDirPath = "";
			projectRoot = "";
			targets = (
				1F31A75217312EDB004343FF /* echojs */,
			);
		};
/* End PBXProject section */

/* Begin PBXResourcesBuildPhase section */
		1F31A75117312EDB004343FF /* Resources */ = {
			isa = PBXResourcesBuildPhase;
			buildActionMask = 2147483647;
			files = (
				1F31A76117312EDB004343FF /* InfoPlist.strings in Resources */,
				1F31A76917312EDB004343FF /* Default.png in Resources */,
				1F31A76B17312EDB004343FF /* Default@2x.png in Resources */,
				1F31A76D17312EDB004343FF /* Default-568h@2x.png in Resources */,
				1F31A77017312EDB004343FF /* MainStoryboard.storyboard in Resources */,
			);
			runOnlyForDeploymentPostprocessing = 0;
		};
/* End PBXResourcesBuildPhase section */

/* Begin PBXSourcesBuildPhase section */
		1F31A74F17312EDB004343FF /* Sources */ = {
			isa = PBXSourcesBuildPhase;
			buildActionMask = 2147483647;
			files = (
				1F31A76317312EDB004343FF /* main.m in Sources */,
				1F31A76717312EDB004343FF /* DKAppDelegate.m in Sources */,
				1F31A77F17313036004343FF /* DKArticleTableViewController.m in Sources */,
				1F31A79417313E3A004343FF /* AFHTTPClient.m in Sources */,
				1F31A79517313E3A004343FF /* AFHTTPRequestOperation.m in Sources */,
				1F31A79617313E3A004343FF /* AFImageRequestOperation.m in Sources */,
				1F31A79717313E3A004343FF /* AFJSONRequestOperation.m in Sources */,
				1F31A79817313E3A004343FF /* AFNetworkActivityIndicatorManager.m in Sources */,
				1F31A79917313E3A004343FF /* AFPropertyListRequestOperation.m in Sources */,
				1F31A79A17313E3A004343FF /* AFURLConnectionOperation.m in Sources */,
				1F31A79B17313E3A004343FF /* AFXMLRequestOperation.m in Sources */,
				1F31A79C17313E3A004343FF /* UIImageView+AFNetworking.m in Sources */,
				1F31A7A51731631A004343FF /* DKArticleViewController.m in Sources */,
				1F12E5CE1732C55A00B55EB0 /* DKArticleTableViewCell.m in Sources */,
			);
			runOnlyForDeploymentPostprocessing = 0;
		};
/* End PBXSourcesBuildPhase section */

/* Begin PBXVariantGroup section */
		1F31A75F17312EDB004343FF /* InfoPlist.strings */ = {
			isa = PBXVariantGroup;
			children = (
				1F31A76017312EDB004343FF /* en */,
			);
			name = InfoPlist.strings;
			sourceTree = "<group>";
		};
		1F31A76E17312EDB004343FF /* MainStoryboard.storyboard */ = {
			isa = PBXVariantGroup;
			children = (
				1F31A76F17312EDB004343FF /* en */,
			);
			name = MainStoryboard.storyboard;
			sourceTree = "<group>";
		};
/* End PBXVariantGroup section */

/* Begin XCBuildConfiguration section */
		1F31A77417312EDB004343FF /* Debug */ = {
			isa = XCBuildConfiguration;
			buildSettings = {
				ALWAYS_SEARCH_USER_PATHS = NO;
				CLANG_CXX_LANGUAGE_STANDARD = "gnu++0x";
				CLANG_CXX_LIBRARY = "libc++";
				CLANG_ENABLE_OBJC_ARC = YES;
				CLANG_WARN_CONSTANT_CONVERSION = YES;
				CLANG_WARN_EMPTY_BODY = YES;
				CLANG_WARN_ENUM_CONVERSION = YES;
				CLANG_WARN_INT_CONVERSION = YES;
				CLANG_WARN__DUPLICATE_METHOD_MATCH = YES;
				"CODE_SIGN_IDENTITY[sdk=iphoneos*]" = "iPhone Developer";
				COPY_PHASE_STRIP = NO;
				GCC_C_LANGUAGE_STANDARD = gnu99;
				GCC_DYNAMIC_NO_PIC = NO;
				GCC_OPTIMIZATION_LEVEL = 0;
				GCC_PREPROCESSOR_DEFINITIONS = (
					"DEBUG=1",
					"$(inherited)",
				);
				GCC_SYMBOLS_PRIVATE_EXTERN = NO;
				GCC_WARN_ABOUT_RETURN_TYPE = YES;
				GCC_WARN_UNINITIALIZED_AUTOS = YES;
				GCC_WARN_UNUSED_VARIABLE = YES;
				IPHONEOS_DEPLOYMENT_TARGET = 6.1;
				ONLY_ACTIVE_ARCH = YES;
				SDKROOT = iphoneos;
			};
			name = Debug;
		};
		1F31A77517312EDB004343FF /* Release */ = {
			isa = XCBuildConfiguration;
			buildSettings = {
				ALWAYS_SEARCH_USER_PATHS = NO;
				CLANG_CXX_LANGUAGE_STANDARD = "gnu++0x";
				CLANG_CXX_LIBRARY = "libc++";
				CLANG_ENABLE_OBJC_ARC = YES;
				CLANG_WARN_CONSTANT_CONVERSION = YES;
				CLANG_WARN_EMPTY_BODY = YES;
				CLANG_WARN_ENUM_CONVERSION = YES;
				CLANG_WARN_INT_CONVERSION = YES;
				CLANG_WARN__DUPLICATE_METHOD_MATCH = YES;
				"CODE_SIGN_IDENTITY[sdk=iphoneos*]" = "iPhone Developer";
				COPY_PHASE_STRIP = YES;
				GCC_C_LANGUAGE_STANDARD = gnu99;
				GCC_WARN_ABOUT_RETURN_TYPE = YES;
				GCC_WARN_UNINITIALIZED_AUTOS = YES;
				GCC_WARN_UNUSED_VARIABLE = YES;
				IPHONEOS_DEPLOYMENT_TARGET = 6.1;
				OTHER_CFLAGS = "-DNS_BLOCK_ASSERTIONS=1";
				SDKROOT = iphoneos;
				VALIDATE_PRODUCT = YES;
			};
			name = Release;
		};
		1F31A77717312EDB004343FF /* Debug */ = {
			isa = XCBuildConfiguration;
			buildSettings = {
				GCC_PRECOMPILE_PREFIX_HEADER = YES;
				GCC_PREFIX_HEADER = "echojs/echojs-Prefix.pch";
				INFOPLIST_FILE = "echojs/echojs-Info.plist";
				PRODUCT_NAME = "$(TARGET_NAME)";
				WRAPPER_EXTENSION = app;
			};
			name = Debug;
		};
		1F31A77817312EDB004343FF /* Release */ = {
			isa = XCBuildConfiguration;
			buildSettings = {
				GCC_PRECOMPILE_PREFIX_HEADER = YES;
				GCC_PREFIX_HEADER = "echojs/echojs-Prefix.pch";
				INFOPLIST_FILE = "echojs/echojs-Info.plist";
				PRODUCT_NAME = "$(TARGET_NAME)";
				WRAPPER_EXTENSION = app;
			};
			name = Release;
		};
/* End XCBuildConfiguration section */

/* Begin XCConfigurationList section */
		1F31A74E17312EDB004343FF /* Build configuration list for PBXProject "echojs" */ = {
			isa = XCConfigurationList;
			buildConfigurations = (
				1F31A77417312EDB004343FF /* Debug */,
				1F31A77517312EDB004343FF /* Release */,
			);
			defaultConfigurationIsVisible = 0;
			defaultConfigurationName = Release;
		};
		1F31A77617312EDB004343FF /* Build configuration list for PBXNativeTarget "echojs" */ = {
			isa = XCConfigurationList;
			buildConfigurations = (
				1F31A77717312EDB004343FF /* Debug */,
				1F31A77817312EDB004343FF /* Release */,
			);
			defaultConfigurationIsVisible = 0;
			defaultConfigurationName = Release;
		};
/* End XCConfigurationList section */
	};
	rootObject = 1F31A74B17312EDB004343FF /* Project object */;
}
