// !$*UTF8*$!
{
	archiveVersion = 1;
	classes = {
	};
	objectVersion = 46;
	objects = {

/* Begin PBXBuildFile section */
		1F12E5CE1732C55A00B55EB0 /* DKArticleTableViewCell.m in Sources */ = {isa = PBXBuildFile; fileRef = 1F12E5CD1732C55A00B55EB0 /* DKArticleTableViewCell.m */; };
		1F31A75717312EDB004343FF /* UIKit.framework in Frameworks */ = {isa = PBXBuildFile; fileRef = 1F31A75617312EDB004343FF /* UIKit.framework */; };
		1F31A75917312EDB004343FF /* Foundation.framework in Frameworks */ = {isa = PBXBuildFile; fileRef = 1F31A75817312EDB004343FF /* Foundation.framework */; };
		1F31A75B17312EDB004343FF /* CoreGraphics.framework in Frameworks */ = {isa = PBXBuildFile; fileRef = 1F31A75A17312EDB004343FF /* CoreGraphics.framework */; };
		1F31A76117312EDB004343FF /* InfoPlist.strings in Resources */ = {isa = PBXBuildFile; fileRef = 1F31A75F17312EDB004343FF /* InfoPlist.strings */; };
		1F31A76317312EDB004343FF /* main.m in Sources */ = {isa = PBXBuildFile; fileRef = 1F31A76217312EDB004343FF /* main.m */; };
		1F31A76717312EDB004343FF /* DKAppDelegate.m in Sources */ = {isa = PBXBuildFile; fileRef = 1F31A76617312EDB004343FF /* DKAppDelegate.m */; };
		1F31A76917312EDB004343FF /* Default.png in Resources */ = {isa = PBXBuildFile; fileRef = 1F31A76817312EDB004343FF /* Default.png */; };
		1F31A76B17312EDB004343FF /* Default@2x.png in Resources */ = {isa = PBXBuildFile; fileRef = 1F31A76A17312EDB004343FF /* Default@2x.png */; };
		1F31A76D17312EDB004343FF /* Default-568h@2x.png in Resources */ = {isa = PBXBuildFile; fileRef = 1F31A76C17312EDB004343FF /* Default-568h@2x.png */; };
		1F31A77017312EDB004343FF /* MainStoryboard.storyboard in Resources */ = {isa = PBXBuildFile; fileRef = 1F31A76E17312EDB004343FF /* MainStoryboard.storyboard */; };
		1F31A77F17313036004343FF /* DKArticleTableViewController.m in Sources */ = {isa = PBXBuildFile; fileRef = 1F31A77E17313036004343FF /* DKArticleTableViewController.m */; };
		1F31A7A51731631A004343FF /* DKArticleViewController.m in Sources */ = {isa = PBXBuildFile; fileRef = 1F31A7A41731631A004343FF /* DKArticleViewController.m */; };
		1F6B9B28173FA16600CEB9EB /* DKCommentsCollectionViewController.m in Sources */ = {isa = PBXBuildFile; fileRef = 1F6B9B27173FA16600CEB9EB /* DKCommentsCollectionViewController.m */; };
		1F8CE8FC173EAE5F0062B027 /* AFHTTPClient.m in Sources */ = {isa = PBXBuildFile; fileRef = 1F8CE8D9173EAE5F0062B027 /* AFHTTPClient.m */; };
		1F8CE8FD173EAE5F0062B027 /* AFHTTPRequestOperation.m in Sources */ = {isa = PBXBuildFile; fileRef = 1F8CE8DB173EAE5F0062B027 /* AFHTTPRequestOperation.m */; };
		1F8CE8FE173EAE5F0062B027 /* AFImageRequestOperation.m in Sources */ = {isa = PBXBuildFile; fileRef = 1F8CE8DD173EAE5F0062B027 /* AFImageRequestOperation.m */; };
		1F8CE8FF173EAE5F0062B027 /* AFJSONRequestOperation.m in Sources */ = {isa = PBXBuildFile; fileRef = 1F8CE8DF173EAE5F0062B027 /* AFJSONRequestOperation.m */; };
		1F8CE900173EAE5F0062B027 /* AFNetworkActivityIndicatorManager.m in Sources */ = {isa = PBXBuildFile; fileRef = 1F8CE8E1173EAE5F0062B027 /* AFNetworkActivityIndicatorManager.m */; };
		1F8CE901173EAE5F0062B027 /* AFPropertyListRequestOperation.m in Sources */ = {isa = PBXBuildFile; fileRef = 1F8CE8E4173EAE5F0062B027 /* AFPropertyListRequestOperation.m */; };
		1F8CE902173EAE5F0062B027 /* AFURLConnectionOperation.m in Sources */ = {isa = PBXBuildFile; fileRef = 1F8CE8E6173EAE5F0062B027 /* AFURLConnectionOperation.m */; };
		1F8CE903173EAE5F0062B027 /* AFXMLRequestOperation.m in Sources */ = {isa = PBXBuildFile; fileRef = 1F8CE8E8173EAE5F0062B027 /* AFXMLRequestOperation.m */; };
		1F8CE904173EAE5F0062B027 /* UIImageView+AFNetworking.m in Sources */ = {isa = PBXBuildFile; fileRef = 1F8CE8EA173EAE5F0062B027 /* UIImageView+AFNetworking.m */; };
		1F8CE905173EAE5F0062B027 /* NSDateTimeAgo.strings in Resources */ = {isa = PBXBuildFile; fileRef = 1F8CE8ED173EAE5F0062B027 /* NSDateTimeAgo.strings */; };
		1F8CE906173EAE5F0062B027 /* NSDate+TimeAgo.m in Sources */ = {isa = PBXBuildFile; fileRef = 1F8CE8FA173EAE5F0062B027 /* NSDate+TimeAgo.m */; };
		1F8CE907173EAE5F0062B027 /* README.md in Resources */ = {isa = PBXBuildFile; fileRef = 1F8CE8FB173EAE5F0062B027 /* README.md */; };
		1F8CE90D173EB0190062B027 /* DKCommentsTableViewController.m in Sources */ = {isa = PBXBuildFile; fileRef = 1F8CE90C173EB0190062B027 /* DKCommentsTableViewController.m */; };
		1F8CE910173EDF1C0062B027 /* comments.png in Resources */ = {isa = PBXBuildFile; fileRef = 1F8CE90E173EDF1C0062B027 /* comments.png */; };
		1F8CE911173EDF1C0062B027 /* comments@2x.png in Resources */ = {isa = PBXBuildFile; fileRef = 1F8CE90F173EDF1C0062B027 /* comments@2x.png */; };
		1F8CE914173EE6470062B027 /* DKCommentTableViewCell.m in Sources */ = {isa = PBXBuildFile; fileRef = 1F8CE913173EE6470062B027 /* DKCommentTableViewCell.m */; };
		1F8CE91E173F7BE10062B027 /* icon@2x.png in Resources */ = {isa = PBXBuildFile; fileRef = 1F8CE91D173F7BE10062B027 /* icon@2x.png */; };
		1F8CE920173F7BE60062B027 /* icon.png in Resources */ = {isa = PBXBuildFile; fileRef = 1F8CE91F173F7BE60062B027 /* icon.png */; };
		1FD9AA6B173C3E67001EF429 /* profile@2x.png in Resources */ = {isa = PBXBuildFile; fileRef = 1FD9AA69173C3E67001EF429 /* profile@2x.png */; };
		1FD9AA6C173C3E67001EF429 /* profile.png in Resources */ = {isa = PBXBuildFile; fileRef = 1FD9AA6A173C3E67001EF429 /* profile.png */; };
/* End PBXBuildFile section */

/* Begin PBXFileReference section */
		1F12E5CC1732C55A00B55EB0 /* DKArticleTableViewCell.h */ = {isa = PBXFileReference; fileEncoding = 4; lastKnownFileType = sourcecode.c.h; name = DKArticleTableViewCell.h; path = View/DKArticleTableViewCell.h; sourceTree = "<group>"; };
		1F12E5CD1732C55A00B55EB0 /* DKArticleTableViewCell.m */ = {isa = PBXFileReference; fileEncoding = 4; lastKnownFileType = sourcecode.c.objc; name = DKArticleTableViewCell.m; path = View/DKArticleTableViewCell.m; sourceTree = "<group>"; };
		1F31A75317312EDB004343FF /* echojs.app */ = {isa = PBXFileReference; explicitFileType = wrapper.application; includeInIndex = 0; path = echojs.app; sourceTree = BUILT_PRODUCTS_DIR; };
		1F31A75617312EDB004343FF /* UIKit.framework */ = {isa = PBXFileReference; lastKnownFileType = wrapper.framework; name = UIKit.framework; path = System/Library/Frameworks/UIKit.framework; sourceTree = SDKROOT; };
		1F31A75817312EDB004343FF /* Foundation.framework */ = {isa = PBXFileReference; lastKnownFileType = wrapper.framework; name = Foundation.framework; path = System/Library/Frameworks/Foundation.framework; sourceTree = SDKROOT; };
		1F31A75A17312EDB004343FF /* CoreGraphics.framework */ = {isa = PBXFileReference; lastKnownFileType = wrapper.framework; name = CoreGraphics.framework; path = System/Library/Frameworks/CoreGraphics.framework; sourceTree = SDKROOT; };
		1F31A75E17312EDB004343FF /* echojs-Info.plist */ = {isa = PBXFileReference; lastKnownFileType = text.plist.xml; path = "echojs-Info.plist"; sourceTree = "<group>"; };
		1F31A76017312EDB004343FF /* en */ = {isa = PBXFileReference; lastKnownFileType = text.plist.strings; name = en; path = en.lproj/InfoPlist.strings; sourceTree = "<group>"; };
		1F31A76217312EDB004343FF /* main.m */ = {isa = PBXFileReference; lastKnownFileType = sourcecode.c.objc; path = main.m; sourceTree = "<group>"; };
		1F31A76417312EDB004343FF /* echojs-Prefix.pch */ = {isa = PBXFileReference; lastKnownFileType = sourcecode.c.h; path = "echojs-Prefix.pch"; sourceTree = "<group>"; };
		1F31A76517312EDB004343FF /* DKAppDelegate.h */ = {isa = PBXFileReference; lastKnownFileType = sourcecode.c.h; path = DKAppDelegate.h; sourceTree = "<group>"; };
		1F31A76617312EDB004343FF /* DKAppDelegate.m */ = {isa = PBXFileReference; lastKnownFileType = sourcecode.c.objc; path = DKAppDelegate.m; sourceTree = "<group>"; };
		1F31A76817312EDB004343FF /* Default.png */ = {isa = PBXFileReference; lastKnownFileType = image.png; path = Default.png; sourceTree = "<group>"; };
		1F31A76A17312EDB004343FF /* Default@2x.png */ = {isa = PBXFileReference; lastKnownFileType = image.png; path = "Default@2x.png"; sourceTree = "<group>"; };
		1F31A76C17312EDB004343FF /* Default-568h@2x.png */ = {isa = PBXFileReference; lastKnownFileType = image.png; path = "Default-568h@2x.png"; sourceTree = "<group>"; };
		1F31A76F17312EDB004343FF /* en */ = {isa = PBXFileReference; lastKnownFileType = file.storyboard; name = en; path = en.lproj/MainStoryboard.storyboard; sourceTree = "<group>"; };
		1F31A77D17313036004343FF /* DKArticleTableViewController.h */ = {isa = PBXFileReference; fileEncoding = 4; lastKnownFileType = sourcecode.c.h; name = DKArticleTableViewController.h; path = Controller/DKArticleTableViewController.h; sourceTree = "<group>"; };
		1F31A77E17313036004343FF /* DKArticleTableViewController.m */ = {isa = PBXFileReference; fileEncoding = 4; lastKnownFileType = sourcecode.c.objc; name = DKArticleTableViewController.m; path = Controller/DKArticleTableViewController.m; sourceTree = "<group>"; };
		1F31A7A31731631A004343FF /* DKArticleViewController.h */ = {isa = PBXFileReference; fileEncoding = 4; lastKnownFileType = sourcecode.c.h; name = DKArticleViewController.h; path = Controller/DKArticleViewController.h; sourceTree = "<group>"; };
		1F31A7A41731631A004343FF /* DKArticleViewController.m */ = {isa = PBXFileReference; fileEncoding = 4; lastKnownFileType = sourcecode.c.objc; name = DKArticleViewController.m; path = Controller/DKArticleViewController.m; sourceTree = "<group>"; };
		1F6B9B26173FA16600CEB9EB /* DKCommentsCollectionViewController.h */ = {isa = PBXFileReference; fileEncoding = 4; lastKnownFileType = sourcecode.c.h; name = DKCommentsCollectionViewController.h; path = Controller/DKCommentsCollectionViewController.h; sourceTree = "<group>"; };
		1F6B9B27173FA16600CEB9EB /* DKCommentsCollectionViewController.m */ = {isa = PBXFileReference; fileEncoding = 4; lastKnownFileType = sourcecode.c.objc; name = DKCommentsCollectionViewController.m; path = Controller/DKCommentsCollectionViewController.m; sourceTree = "<group>"; };
		1F8CE8D8173EAE5F0062B027 /* AFHTTPClient.h */ = {isa = PBXFileReference; fileEncoding = 4; lastKnownFileType = sourcecode.c.h; path = AFHTTPClient.h; sourceTree = "<group>"; };
		1F8CE8D9173EAE5F0062B027 /* AFHTTPClient.m */ = {isa = PBXFileReference; fileEncoding = 4; lastKnownFileType = sourcecode.c.objc; path = AFHTTPClient.m; sourceTree = "<group>"; };
		1F8CE8DA173EAE5F0062B027 /* AFHTTPRequestOperation.h */ = {isa = PBXFileReference; fileEncoding = 4; lastKnownFileType = sourcecode.c.h; path = AFHTTPRequestOperation.h; sourceTree = "<group>"; };
		1F8CE8DB173EAE5F0062B027 /* AFHTTPRequestOperation.m */ = {isa = PBXFileReference; fileEncoding = 4; lastKnownFileType = sourcecode.c.objc; path = AFHTTPRequestOperation.m; sourceTree = "<group>"; };
		1F8CE8DC173EAE5F0062B027 /* AFImageRequestOperation.h */ = {isa = PBXFileReference; fileEncoding = 4; lastKnownFileType = sourcecode.c.h; path = AFImageRequestOperation.h; sourceTree = "<group>"; };
		1F8CE8DD173EAE5F0062B027 /* AFImageRequestOperation.m */ = {isa = PBXFileReference; fileEncoding = 4; lastKnownFileType = sourcecode.c.objc; path = AFImageRequestOperation.m; sourceTree = "<group>"; };
		1F8CE8DE173EAE5F0062B027 /* AFJSONRequestOperation.h */ = {isa = PBXFileReference; fileEncoding = 4; lastKnownFileType = sourcecode.c.h; path = AFJSONRequestOperation.h; sourceTree = "<group>"; };
		1F8CE8DF173EAE5F0062B027 /* AFJSONRequestOperation.m */ = {isa = PBXFileReference; fileEncoding = 4; lastKnownFileType = sourcecode.c.objc; path = AFJSONRequestOperation.m; sourceTree = "<group>"; };
		1F8CE8E0173EAE5F0062B027 /* AFNetworkActivityIndicatorManager.h */ = {isa = PBXFileReference; fileEncoding = 4; lastKnownFileType = sourcecode.c.h; path = AFNetworkActivityIndicatorManager.h; sourceTree = "<group>"; };
		1F8CE8E1173EAE5F0062B027 /* AFNetworkActivityIndicatorManager.m */ = {isa = PBXFileReference; fileEncoding = 4; lastKnownFileType = sourcecode.c.objc; path = AFNetworkActivityIndicatorManager.m; sourceTree = "<group>"; };
		1F8CE8E2173EAE5F0062B027 /* AFNetworking.h */ = {isa = PBXFileReference; fileEncoding = 4; lastKnownFileType = sourcecode.c.h; path = AFNetworking.h; sourceTree = "<group>"; };
		1F8CE8E3173EAE5F0062B027 /* AFPropertyListRequestOperation.h */ = {isa = PBXFileReference; fileEncoding = 4; lastKnownFileType = sourcecode.c.h; path = AFPropertyListRequestOperation.h; sourceTree = "<group>"; };
		1F8CE8E4173EAE5F0062B027 /* AFPropertyListRequestOperation.m */ = {isa = PBXFileReference; fileEncoding = 4; lastKnownFileType = sourcecode.c.objc; path = AFPropertyListRequestOperation.m; sourceTree = "<group>"; };
		1F8CE8E5173EAE5F0062B027 /* AFURLConnectionOperation.h */ = {isa = PBXFileReference; fileEncoding = 4; lastKnownFileType = sourcecode.c.h; path = AFURLConnectionOperation.h; sourceTree = "<group>"; };
		1F8CE8E6173EAE5F0062B027 /* AFURLConnectionOperation.m */ = {isa = PBXFileReference; fileEncoding = 4; lastKnownFileType = sourcecode.c.objc; path = AFURLConnectionOperation.m; sourceTree = "<group>"; };
		1F8CE8E7173EAE5F0062B027 /* AFXMLRequestOperation.h */ = {isa = PBXFileReference; fileEncoding = 4; lastKnownFileType = sourcecode.c.h; path = AFXMLRequestOperation.h; sourceTree = "<group>"; };
		1F8CE8E8173EAE5F0062B027 /* AFXMLRequestOperation.m */ = {isa = PBXFileReference; fileEncoding = 4; lastKnownFileType = sourcecode.c.objc; path = AFXMLRequestOperation.m; sourceTree = "<group>"; };
		1F8CE8E9173EAE5F0062B027 /* UIImageView+AFNetworking.h */ = {isa = PBXFileReference; fileEncoding = 4; lastKnownFileType = sourcecode.c.h; path = "UIImageView+AFNetworking.h"; sourceTree = "<group>"; };
		1F8CE8EA173EAE5F0062B027 /* UIImageView+AFNetworking.m */ = {isa = PBXFileReference; fileEncoding = 4; lastKnownFileType = sourcecode.c.objc; path = "UIImageView+AFNetworking.m"; sourceTree = "<group>"; };
		1F8CE8EE173EAE5F0062B027 /* de */ = {isa = PBXFileReference; lastKnownFileType = text.plist.strings; name = de; path = de.lproj/NSDateTimeAgo.strings; sourceTree = "<group>"; };
		1F8CE8EF173EAE5F0062B027 /* en */ = {isa = PBXFileReference; lastKnownFileType = text.plist.strings; name = en; path = en.lproj/NSDateTimeAgo.strings; sourceTree = "<group>"; };
		1F8CE8F0173EAE5F0062B027 /* es */ = {isa = PBXFileReference; lastKnownFileType = text.plist.strings; name = es; path = es.lproj/NSDateTimeAgo.strings; sourceTree = "<group>"; };
		1F8CE8F1173EAE5F0062B027 /* fi */ = {isa = PBXFileReference; lastKnownFileType = text.plist.strings; name = fi; path = fi.lproj/NSDateTimeAgo.strings; sourceTree = "<group>"; };
		1F8CE8F2173EAE5F0062B027 /* fr */ = {isa = PBXFileReference; lastKnownFileType = text.plist.strings; name = fr; path = fr.lproj/NSDateTimeAgo.strings; sourceTree = "<group>"; };
		1F8CE8F3173EAE5F0062B027 /* hu */ = {isa = PBXFileReference; lastKnownFileType = text.plist.strings; name = hu; path = hu.lproj/NSDateTimeAgo.strings; sourceTree = "<group>"; };
		1F8CE8F4173EAE5F0062B027 /* it */ = {isa = PBXFileReference; lastKnownFileType = text.plist.strings; name = it; path = it.lproj/NSDateTimeAgo.strings; sourceTree = "<group>"; };
		1F8CE8F5173EAE5F0062B027 /* nl */ = {isa = PBXFileReference; lastKnownFileType = text.plist.strings; name = nl; path = nl.lproj/NSDateTimeAgo.strings; sourceTree = "<group>"; };
		1F8CE8F6173EAE5F0062B027 /* pt_BR */ = {isa = PBXFileReference; lastKnownFileType = text.plist.strings; name = pt_BR; path = pt_BR.lproj/NSDateTimeAgo.strings; sourceTree = "<group>"; };
		1F8CE8F7173EAE5F0062B027 /* ru */ = {isa = PBXFileReference; lastKnownFileType = text.plist.strings; name = ru; path = ru.lproj/NSDateTimeAgo.strings; sourceTree = "<group>"; };
		1F8CE8F8173EAE5F0062B027 /* zh_Hans */ = {isa = PBXFileReference; lastKnownFileType = text.plist.strings; name = zh_Hans; path = zh_Hans.lproj/NSDateTimeAgo.strings; sourceTree = "<group>"; };
		1F8CE8F9173EAE5F0062B027 /* NSDate+TimeAgo.h */ = {isa = PBXFileReference; fileEncoding = 4; lastKnownFileType = sourcecode.c.h; path = "NSDate+TimeAgo.h"; sourceTree = "<group>"; };
		1F8CE8FA173EAE5F0062B027 /* NSDate+TimeAgo.m */ = {isa = PBXFileReference; fileEncoding = 4; lastKnownFileType = sourcecode.c.objc; path = "NSDate+TimeAgo.m"; sourceTree = "<group>"; };
		1F8CE8FB173EAE5F0062B027 /* README.md */ = {isa = PBXFileReference; fileEncoding = 4; lastKnownFileType = text; path = README.md; sourceTree = "<group>"; };
		1F8CE90B173EB0190062B027 /* DKCommentsTableViewController.h */ = {isa = PBXFileReference; fileEncoding = 4; lastKnownFileType = sourcecode.c.h; name = DKCommentsTableViewController.h; path = Controller/DKCommentsTableViewController.h; sourceTree = "<group>"; };
		1F8CE90C173EB0190062B027 /* DKCommentsTableViewController.m */ = {isa = PBXFileReference; fileEncoding = 4; lastKnownFileType = sourcecode.c.objc; name = DKCommentsTableViewController.m; path = Controller/DKCommentsTableViewController.m; sourceTree = "<group>"; };
		1F8CE90E173EDF1C0062B027 /* comments.png */ = {isa = PBXFileReference; lastKnownFileType = image.png; path = comments.png; sourceTree = "<group>"; };
		1F8CE90F173EDF1C0062B027 /* comments@2x.png */ = {isa = PBXFileReference; lastKnownFileType = image.png; path = "comments@2x.png"; sourceTree = "<group>"; };
		1F8CE912173EE6470062B027 /* DKCommentTableViewCell.h */ = {isa = PBXFileReference; fileEncoding = 4; lastKnownFileType = sourcecode.c.h; name = DKCommentTableViewCell.h; path = View/DKCommentTableViewCell.h; sourceTree = "<group>"; };
		1F8CE913173EE6470062B027 /* DKCommentTableViewCell.m */ = {isa = PBXFileReference; fileEncoding = 4; lastKnownFileType = sourcecode.c.objc; name = DKCommentTableViewCell.m; path = View/DKCommentTableViewCell.m; sourceTree = "<group>"; };
		1F8CE91D173F7BE10062B027 /* icon@2x.png */ = {isa = PBXFileReference; lastKnownFileType = image.png; path = "icon@2x.png"; sourceTree = "<group>"; };
		1F8CE91F173F7BE60062B027 /* icon.png */ = {isa = PBXFileReference; lastKnownFileType = image.png; path = icon.png; sourceTree = "<group>"; };
		1FD9AA69173C3E67001EF429 /* profile@2x.png */ = {isa = PBXFileReference; lastKnownFileType = image.png; path = "profile@2x.png"; sourceTree = "<group>"; };
		1FD9AA6A173C3E67001EF429 /* profile.png */ = {isa = PBXFileReference; lastKnownFileType = image.png; path = profile.png; sourceTree = "<group>"; };
/* End PBXFileReference section */

/* Begin PBXFrameworksBuildPhase section */
		1F31A75017312EDB004343FF /* Frameworks */ = {
			isa = PBXFrameworksBuildPhase;
			buildActionMask = 2147483647;
			files = (
				1F31A75717312EDB004343FF /* UIKit.framework in Frameworks */,
				1F31A75917312EDB004343FF /* Foundation.framework in Frameworks */,
				1F31A75B17312EDB004343FF /* CoreGraphics.framework in Frameworks */,
			);
			runOnlyForDeploymentPostprocessing = 0;
		};
/* End PBXFrameworksBuildPhase section */

/* Begin PBXGroup section */
		1F12E5CB1732C52600B55EB0 /* View */ = {
			isa = PBXGroup;
			children = (
				1F12E5CC1732C55A00B55EB0 /* DKArticleTableViewCell.h */,
				1F12E5CD1732C55A00B55EB0 /* DKArticleTableViewCell.m */,
				1F8CE912173EE6470062B027 /* DKCommentTableViewCell.h */,
				1F8CE913173EE6470062B027 /* DKCommentTableViewCell.m */,
			);
			name = View;
			sourceTree = "<group>";
		};
		1F31A74A17312EDB004343FF = {
			isa = PBXGroup;
			children = (
				1F8CE91F173F7BE60062B027 /* icon.png */,
				1F8CE91D173F7BE10062B027 /* icon@2x.png */,
				1F31A75C17312EDB004343FF /* echojs */,
				1F31A75517312EDB004343FF /* Frameworks */,
				1F31A75417312EDB004343FF /* Products */,
			);
			sourceTree = "<group>";
		};
		1F31A75417312EDB004343FF /* Products */ = {
			isa = PBXGroup;
			children = (
				1F31A75317312EDB004343FF /* echojs.app */,
			);
			name = Products;
			sourceTree = "<group>";
		};
		1F31A75517312EDB004343FF /* Frameworks */ = {
			isa = PBXGroup;
			children = (
				1F31A75617312EDB004343FF /* UIKit.framework */,
				1F31A75817312EDB004343FF /* Foundation.framework */,
				1F31A75A17312EDB004343FF /* CoreGraphics.framework */,
			);
			name = Frameworks;
			sourceTree = "<group>";
		};
		1F31A75C17312EDB004343FF /* echojs */ = {
			isa = PBXGroup;
			children = (
				1F8CE8D6173EAE510062B027 /* Library */,
				1F12E5CB1732C52600B55EB0 /* View */,
				1F31A77C17312FFC004343FF /* Controller */,
				1F31A76E17312EDB004343FF /* MainStoryboard.storyboard */,
				1F31A75D17312EDB004343FF /* Supporting Files */,
			);
			path = echojs;
			sourceTree = "<group>";
		};
		1F31A75D17312EDB004343FF /* Supporting Files */ = {
			isa = PBXGroup;
			children = (
				1F8CE90E173EDF1C0062B027 /* comments.png */,
				1F8CE90F173EDF1C0062B027 /* comments@2x.png */,
				1F31A76517312EDB004343FF /* DKAppDelegate.h */,
				1F31A76617312EDB004343FF /* DKAppDelegate.m */,
				1FD9AA69173C3E67001EF429 /* profile@2x.png */,
				1FD9AA6A173C3E67001EF429 /* profile.png */,
				1F31A75E17312EDB004343FF /* echojs-Info.plist */,
				1F31A75F17312EDB004343FF /* InfoPlist.strings */,
				1F31A76217312EDB004343FF /* main.m */,
				1F31A76417312EDB004343FF /* echojs-Prefix.pch */,
				1F31A76817312EDB004343FF /* Default.png */,
				1F31A76A17312EDB004343FF /* Default@2x.png */,
				1F31A76C17312EDB004343FF /* Default-568h@2x.png */,
			);
			name = "Supporting Files";
			sourceTree = "<group>";
		};
		1F31A77C17312FFC004343FF /* Controller */ = {
			isa = PBXGroup;
			children = (
				1F31A77D17313036004343FF /* DKArticleTableViewController.h */,
				1F31A77E17313036004343FF /* DKArticleTableViewController.m */,
				1F31A7A31731631A004343FF /* DKArticleViewController.h */,
				1F31A7A41731631A004343FF /* DKArticleViewController.m */,
				1F8CE90B173EB0190062B027 /* DKCommentsTableViewController.h */,
				1F8CE90C173EB0190062B027 /* DKCommentsTableViewController.m */,
				1F6B9B26173FA16600CEB9EB /* DKCommentsCollectionViewController.h */,
				1F6B9B27173FA16600CEB9EB /* DKCommentsCollectionViewController.m */,
			);
			name = Controller;
			sourceTree = "<group>";
		};
		1F8CE8D6173EAE510062B027 /* Library */ = {
			isa = PBXGroup;
			children = (
				1F8CE8D7173EAE5F0062B027 /* AFNetworking */,
				1F8CE8EB173EAE5F0062B027 /* NSDate-TimeAgo */,
			);
			name = Library;
			sourceTree = "<group>";
		};
		1F8CE8D7173EAE5F0062B027 /* AFNetworking */ = {
			isa = PBXGroup;
			children = (
				1F8CE8D8173EAE5F0062B027 /* AFHTTPClient.h */,
				1F8CE8D9173EAE5F0062B027 /* AFHTTPClient.m */,
				1F8CE8DA173EAE5F0062B027 /* AFHTTPRequestOperation.h */,
				1F8CE8DB173EAE5F0062B027 /* AFHTTPRequestOperation.m */,
				1F8CE8DC173EAE5F0062B027 /* AFImageRequestOperation.h */,
				1F8CE8DD173EAE5F0062B027 /* AFImageRequestOperation.m */,
				1F8CE8DE173EAE5F0062B027 /* AFJSONRequestOperation.h */,
				1F8CE8DF173EAE5F0062B027 /* AFJSONRequestOperation.m */,
				1F8CE8E0173EAE5F0062B027 /* AFNetworkActivityIndicatorManager.h */,
				1F8CE8E1173EAE5F0062B027 /* AFNetworkActivityIndicatorManager.m */,
				1F8CE8E2173EAE5F0062B027 /* AFNetworking.h */,
				1F8CE8E3173EAE5F0062B027 /* AFPropertyListRequestOperation.h */,
				1F8CE8E4173EAE5F0062B027 /* AFPropertyListRequestOperation.m */,
				1F8CE8E5173EAE5F0062B027 /* AFURLConnectionOperation.h */,
				1F8CE8E6173EAE5F0062B027 /* AFURLConnectionOperation.m */,
				1F8CE8E7173EAE5F0062B027 /* AFXMLRequestOperation.h */,
				1F8CE8E8173EAE5F0062B027 /* AFXMLRequestOperation.m */,
				1F8CE8E9173EAE5F0062B027 /* UIImageView+AFNetworking.h */,
				1F8CE8EA173EAE5F0062B027 /* UIImageView+AFNetworking.m */,
			);
			name = AFNetworking;
			path = Library/AFNetworking;
			sourceTree = "<group>";
		};
		1F8CE8EB173EAE5F0062B027 /* NSDate-TimeAgo */ = {
			isa = PBXGroup;
			children = (
				1F8CE8EC173EAE5F0062B027 /* Localization */,
				1F8CE8F9173EAE5F0062B027 /* NSDate+TimeAgo.h */,
				1F8CE8FA173EAE5F0062B027 /* NSDate+TimeAgo.m */,
				1F8CE8FB173EAE5F0062B027 /* README.md */,
			);
			name = "NSDate-TimeAgo";
			path = "Library/NSDate-TimeAgo";
			sourceTree = "<group>";
		};
		1F8CE8EC173EAE5F0062B027 /* Localization */ = {
			isa = PBXGroup;
			children = (
				1F8CE8ED173EAE5F0062B027 /* NSDateTimeAgo.strings */,
			);
			path = Localization;
			sourceTree = "<group>";
		};
/* End PBXGroup section */

/* Begin PBXNativeTarget section */
		1F31A75217312EDB004343FF /* echojs */ = {
			isa = PBXNativeTarget;
			buildConfigurationList = 1F31A77617312EDB004343FF /* Build configuration list for PBXNativeTarget "echojs" */;
			buildPhases = (
				1F31A74F17312EDB004343FF /* Sources */,
				1F31A75017312EDB004343FF /* Frameworks */,
				1F31A75117312EDB004343FF /* Resources */,
			);
			buildRules = (
			);
			dependencies = (
			);
			name = echojs;
			productName = echojs;
			productReference = 1F31A75317312EDB004343FF /* echojs.app */;
			productType = "com.apple.product-type.application";
		};
/* End PBXNativeTarget section */

/* Begin PBXProject section */
		1F31A74B17312EDB004343FF /* Project object */ = {
			isa = PBXProject;
			attributes = {
				CLASSPREFIX = DK;
				LastUpgradeCheck = 0460;
				ORGANIZATIONNAME = "Damien Klinnert";
			};
			buildConfigurationList = 1F31A74E17312EDB004343FF /* Build configuration list for PBXProject "echojs" */;
			compatibilityVersion = "Xcode 3.2";
			developmentRegion = English;
			hasScannedForEncodings = 0;
			knownRegions = (
				en,
				de,
				es,
				fi,
				fr,
				hu,
				it,
				nl,
				pt_BR,
				ru,
				zh_Hans,
			);
			mainGroup = 1F31A74A17312EDB004343FF;
			productRefGroup = 1F31A75417312EDB004343FF /* Products */;
			projectDirPath = "";
			projectRoot = "";
			targets = (
				1F31A75217312EDB004343FF /* echojs */,
			);
		};
/* End PBXProject section */

/* Begin PBXResourcesBuildPhase section */
		1F31A75117312EDB004343FF /* Resources */ = {
			isa = PBXResourcesBuildPhase;
			buildActionMask = 2147483647;
			files = (
				1F31A76117312EDB004343FF /* InfoPlist.strings in Resources */,
				1F31A76917312EDB004343FF /* Default.png in Resources */,
				1F31A76B17312EDB004343FF /* Default@2x.png in Resources */,
				1F31A76D17312EDB004343FF /* Default-568h@2x.png in Resources */,
				1F31A77017312EDB004343FF /* MainStoryboard.storyboard in Resources */,
				1FD9AA6B173C3E67001EF429 /* profile@2x.png in Resources */,
				1FD9AA6C173C3E67001EF429 /* profile.png in Resources */,
				1F8CE905173EAE5F0062B027 /* NSDateTimeAgo.strings in Resources */,
				1F8CE907173EAE5F0062B027 /* README.md in Resources */,
				1F8CE910173EDF1C0062B027 /* comments.png in Resources */,
				1F8CE911173EDF1C0062B027 /* comments@2x.png in Resources */,
				1F8CE91E173F7BE10062B027 /* icon@2x.png in Resources */,
				1F8CE920173F7BE60062B027 /* icon.png in Resources */,
			);
			runOnlyForDeploymentPostprocessing = 0;
		};
/* End PBXResourcesBuildPhase section */

/* Begin PBXSourcesBuildPhase section */
		1F31A74F17312EDB004343FF /* Sources */ = {
			isa = PBXSourcesBuildPhase;
			buildActionMask = 2147483647;
			files = (
				1F31A76317312EDB004343FF /* main.m in Sources */,
				1F31A76717312EDB004343FF /* DKAppDelegate.m in Sources */,
				1F31A77F17313036004343FF /* DKArticleTableViewController.m in Sources */,
				1F31A7A51731631A004343FF /* DKArticleViewController.m in Sources */,
				1F12E5CE1732C55A00B55EB0 /* DKArticleTableViewCell.m in Sources */,
				1F8CE8FC173EAE5F0062B027 /* AFHTTPClient.m in Sources */,
				1F8CE8FD173EAE5F0062B027 /* AFHTTPRequestOperation.m in Sources */,
				1F8CE8FE173EAE5F0062B027 /* AFImageRequestOperation.m in Sources */,
				1F8CE8FF173EAE5F0062B027 /* AFJSONRequestOperation.m in Sources */,
				1F8CE900173EAE5F0062B027 /* AFNetworkActivityIndicatorManager.m in Sources */,
				1F8CE901173EAE5F0062B027 /* AFPropertyListRequestOperation.m in Sources */,
				1F8CE902173EAE5F0062B027 /* AFURLConnectionOperation.m in Sources */,
				1F8CE903173EAE5F0062B027 /* AFXMLRequestOperation.m in Sources */,
				1F8CE904173EAE5F0062B027 /* UIImageView+AFNetworking.m in Sources */,
				1F8CE906173EAE5F0062B027 /* NSDate+TimeAgo.m in Sources */,
				1F8CE90D173EB0190062B027 /* DKCommentsTableViewController.m in Sources */,
				1F8CE914173EE6470062B027 /* DKCommentTableViewCell.m in Sources */,
				1F6B9B28173FA16600CEB9EB /* DKCommentsCollectionViewController.m in Sources */,
			);
			runOnlyForDeploymentPostprocessing = 0;
		};
/* End PBXSourcesBuildPhase section */

/* Begin PBXVariantGroup section */
		1F31A75F17312EDB004343FF /* InfoPlist.strings */ = {
			isa = PBXVariantGroup;
			children = (
				1F31A76017312EDB004343FF /* en */,
			);
			name = InfoPlist.strings;
			sourceTree = "<group>";
		};
		1F31A76E17312EDB004343FF /* MainStoryboard.storyboard */ = {
			isa = PBXVariantGroup;
			children = (
				1F31A76F17312EDB004343FF /* en */,
			);
			name = MainStoryboard.storyboard;
			sourceTree = "<group>";
		};
		1F8CE8ED173EAE5F0062B027 /* NSDateTimeAgo.strings */ = {
			isa = PBXVariantGroup;
			children = (
				1F8CE8EE173EAE5F0062B027 /* de */,
				1F8CE8EF173EAE5F0062B027 /* en */,
				1F8CE8F0173EAE5F0062B027 /* es */,
				1F8CE8F1173EAE5F0062B027 /* fi */,
				1F8CE8F2173EAE5F0062B027 /* fr */,
				1F8CE8F3173EAE5F0062B027 /* hu */,
				1F8CE8F4173EAE5F0062B027 /* it */,
				1F8CE8F5173EAE5F0062B027 /* nl */,
				1F8CE8F6173EAE5F0062B027 /* pt_BR */,
				1F8CE8F7173EAE5F0062B027 /* ru */,
				1F8CE8F8173EAE5F0062B027 /* zh_Hans */,
			);
			name = NSDateTimeAgo.strings;
			sourceTree = "<group>";
		};
/* End PBXVariantGroup section */

/* Begin XCBuildConfiguration section */
		1F31A77417312EDB004343FF /* Debug */ = {
			isa = XCBuildConfiguration;
			buildSettings = {
				ALWAYS_SEARCH_USER_PATHS = NO;
				CLANG_CXX_LANGUAGE_STANDARD = "gnu++0x";
				CLANG_CXX_LIBRARY = "libc++";
				CLANG_ENABLE_OBJC_ARC = YES;
				CLANG_WARN_CONSTANT_CONVERSION = YES;
				CLANG_WARN_EMPTY_BODY = YES;
				CLANG_WARN_ENUM_CONVERSION = YES;
				CLANG_WARN_INT_CONVERSION = YES;
				CLANG_WARN__DUPLICATE_METHOD_MATCH = YES;
				"CODE_SIGN_IDENTITY[sdk=iphoneos*]" = "iPhone Developer";
				COPY_PHASE_STRIP = NO;
				GCC_C_LANGUAGE_STANDARD = gnu99;
				GCC_DYNAMIC_NO_PIC = NO;
				GCC_OPTIMIZATION_LEVEL = 0;
				GCC_PREPROCESSOR_DEFINITIONS = (
					"DEBUG=1",
					"$(inherited)",
				);
				GCC_SYMBOLS_PRIVATE_EXTERN = NO;
				GCC_WARN_ABOUT_RETURN_TYPE = YES;
				GCC_WARN_UNINITIALIZED_AUTOS = YES;
				GCC_WARN_UNUSED_VARIABLE = YES;
				IPHONEOS_DEPLOYMENT_TARGET = 6.1;
				ONLY_ACTIVE_ARCH = YES;
				SDKROOT = iphoneos;
			};
			name = Debug;
		};
		1F31A77517312EDB004343FF /* Release */ = {
			isa = XCBuildConfiguration;
			buildSettings = {
				ALWAYS_SEARCH_USER_PATHS = NO;
				CLANG_CXX_LANGUAGE_STANDARD = "gnu++0x";
				CLANG_CXX_LIBRARY = "libc++";
				CLANG_ENABLE_OBJC_ARC = YES;
				CLANG_WARN_CONSTANT_CONVERSION = YES;
				CLANG_WARN_EMPTY_BODY = YES;
				CLANG_WARN_ENUM_CONVERSION = YES;
				CLANG_WARN_INT_CONVERSION = YES;
				CLANG_WARN__DUPLICATE_METHOD_MATCH = YES;
				"CODE_SIGN_IDENTITY[sdk=iphoneos*]" = "iPhone Developer";
				COPY_PHASE_STRIP = YES;
				GCC_C_LANGUAGE_STANDARD = gnu99;
				GCC_WARN_ABOUT_RETURN_TYPE = YES;
				GCC_WARN_UNINITIALIZED_AUTOS = YES;
				GCC_WARN_UNUSED_VARIABLE = YES;
				IPHONEOS_DEPLOYMENT_TARGET = 6.1;
				OTHER_CFLAGS = "-DNS_BLOCK_ASSERTIONS=1";
				SDKROOT = iphoneos;
				VALIDATE_PRODUCT = YES;
			};
			name = Release;
		};
		1F31A77717312EDB004343FF /* Debug */ = {
			isa = XCBuildConfiguration;
			buildSettings = {
				GCC_PRECOMPILE_PREFIX_HEADER = YES;
				GCC_PREFIX_HEADER = "echojs/echojs-Prefix.pch";
				INFOPLIST_FILE = "echojs/echojs-Info.plist";
				PRODUCT_NAME = "$(TARGET_NAME)";
				WRAPPER_EXTENSION = app;
			};
			name = Debug;
		};
		1F31A77817312EDB004343FF /* Release */ = {
			isa = XCBuildConfiguration;
			buildSettings = {
				GCC_PRECOMPILE_PREFIX_HEADER = YES;
				GCC_PREFIX_HEADER = "echojs/echojs-Prefix.pch";
				INFOPLIST_FILE = "echojs/echojs-Info.plist";
				PRODUCT_NAME = "$(TARGET_NAME)";
				WRAPPER_EXTENSION = app;
			};
			name = Release;
		};
/* End XCBuildConfiguration section */

/* Begin XCConfigurationList section */
		1F31A74E17312EDB004343FF /* Build configuration list for PBXProject "echojs" */ = {
			isa = XCConfigurationList;
			buildConfigurations = (
				1F31A77417312EDB004343FF /* Debug */,
				1F31A77517312EDB004343FF /* Release */,
			);
			defaultConfigurationIsVisible = 0;
			defaultConfigurationName = Release;
		};
		1F31A77617312EDB004343FF /* Build configuration list for PBXNativeTarget "echojs" */ = {
			isa = XCConfigurationList;
			buildConfigurations = (
				1F31A77717312EDB004343FF /* Debug */,
				1F31A77817312EDB004343FF /* Release */,
			);
			defaultConfigurationIsVisible = 0;
			defaultConfigurationName = Release;
		};
/* End XCConfigurationList section */
	};
	rootObject = 1F31A74B17312EDB004343FF /* Project object */;
}
