// !$*UTF8*$!
{
	archiveVersion = 1;
	classes = {
	};
	objectVersion = 46;
	objects = {

/* Begin PBXBuildFile section */
		1F07150A17457FB50080B014 /* CoreText.framework in Frameworks */ = {isa = PBXBuildFile; fileRef = 1F07150917457FB50080B014 /* CoreText.framework */; };
		1F071541174789120080B014 /* DKEchoJS.m in Sources */ = {isa = PBXBuildFile; fileRef = 1F071540174789120080B014 /* DKEchoJS.m */; };
		1F0715451747BF470080B014 /* UIApplication+NetworkActivityManager.m in Sources */ = {isa = PBXBuildFile; fileRef = 1F0715441747BF470080B014 /* UIApplication+NetworkActivityManager.m */; };
		1F07154B1747DE1C0080B014 /* ECSlidingViewController.m in Sources */ = {isa = PBXBuildFile; fileRef = 1F0715481747DE1C0080B014 /* ECSlidingViewController.m */; };
		1F07154C1747DE1C0080B014 /* UIImage+ImageWithUIView.m in Sources */ = {isa = PBXBuildFile; fileRef = 1F07154A1747DE1C0080B014 /* UIImage+ImageWithUIView.m */; };
		1F0715561748041B0080B014 /* UIScrollView+SVInfiniteScrolling.m in Sources */ = {isa = PBXBuildFile; fileRef = 1F0715531748041B0080B014 /* UIScrollView+SVInfiniteScrolling.m */; };
		1F0715571748041B0080B014 /* UIScrollView+SVPullToRefresh.m in Sources */ = {isa = PBXBuildFile; fileRef = 1F0715551748041B0080B014 /* UIScrollView+SVPullToRefresh.m */; };
		1F0715591748046B0080B014 /* QuartzCore.framework in Frameworks */ = {isa = PBXBuildFile; fileRef = 1F0715581748046B0080B014 /* QuartzCore.framework */; };
		1F07158F174908C50080B014 /* FUIAlertView.m in Sources */ = {isa = PBXBuildFile; fileRef = 1F071576174908C50080B014 /* FUIAlertView.m */; };
		1F071590174908C50080B014 /* FUIButton.m in Sources */ = {isa = PBXBuildFile; fileRef = 1F071578174908C50080B014 /* FUIButton.m */; };
		1F071591174908C50080B014 /* FUISegmentedControl.m in Sources */ = {isa = PBXBuildFile; fileRef = 1F07157A174908C50080B014 /* FUISegmentedControl.m */; };
		1F071592174908C50080B014 /* FUISwitch.m in Sources */ = {isa = PBXBuildFile; fileRef = 1F07157C174908C50080B014 /* FUISwitch.m */; };
		1F071593174908C50080B014 /* UIBarButtonItem+FlatUI.m in Sources */ = {isa = PBXBuildFile; fileRef = 1F07157E174908C50080B014 /* UIBarButtonItem+FlatUI.m */; };
		1F071594174908C50080B014 /* UIColor+FlatUI.m in Sources */ = {isa = PBXBuildFile; fileRef = 1F071580174908C50080B014 /* UIColor+FlatUI.m */; };
		1F071595174908C50080B014 /* UIFont+FlatUI.m in Sources */ = {isa = PBXBuildFile; fileRef = 1F071582174908C50080B014 /* UIFont+FlatUI.m */; };
		1F071596174908C50080B014 /* UIImage+FlatUI.m in Sources */ = {isa = PBXBuildFile; fileRef = 1F071584174908C50080B014 /* UIImage+FlatUI.m */; };
		1F071597174908C50080B014 /* UINavigationBar+FlatUI.m in Sources */ = {isa = PBXBuildFile; fileRef = 1F071586174908C50080B014 /* UINavigationBar+FlatUI.m */; };
		1F071598174908C50080B014 /* UIProgressView+FlatUI.m in Sources */ = {isa = PBXBuildFile; fileRef = 1F071588174908C50080B014 /* UIProgressView+FlatUI.m */; };
		1F071599174908C50080B014 /* UISlider+FlatUI.m in Sources */ = {isa = PBXBuildFile; fileRef = 1F07158A174908C50080B014 /* UISlider+FlatUI.m */; };
		1F07159A174908C50080B014 /* UIStepper+FlatUI.m in Sources */ = {isa = PBXBuildFile; fileRef = 1F07158C174908C50080B014 /* UIStepper+FlatUI.m */; };
		1F07159B174908C50080B014 /* UITabBar+FlatUI.m in Sources */ = {isa = PBXBuildFile; fileRef = 1F07158E174908C50080B014 /* UITabBar+FlatUI.m */; };
		1F31A75717312EDB004343FF /* UIKit.framework in Frameworks */ = {isa = PBXBuildFile; fileRef = 1F31A75617312EDB004343FF /* UIKit.framework */; };
		1F31A75917312EDB004343FF /* Foundation.framework in Frameworks */ = {isa = PBXBuildFile; fileRef = 1F31A75817312EDB004343FF /* Foundation.framework */; };
		1F31A75B17312EDB004343FF /* CoreGraphics.framework in Frameworks */ = {isa = PBXBuildFile; fileRef = 1F31A75A17312EDB004343FF /* CoreGraphics.framework */; };
		1F47004117492CCA0006EA6F /* TUSafariActivity.strings in Resources */ = {isa = PBXBuildFile; fileRef = 1F47002717492CC90006EA6F /* TUSafariActivity.strings */; };
		1F47004217492CCA0006EA6F /* Safari.png in Resources */ = {isa = PBXBuildFile; fileRef = 1F47003717492CC90006EA6F /* Safari.png */; };
		1F47004317492CCA0006EA6F /* Safari@2x.png in Resources */ = {isa = PBXBuildFile; fileRef = 1F47003817492CC90006EA6F /* Safari@2x.png */; };
		1F47004417492CCA0006EA6F /* Safari@2x~ipad.png in Resources */ = {isa = PBXBuildFile; fileRef = 1F47003917492CC90006EA6F /* Safari@2x~ipad.png */; };
		1F47004517492CCA0006EA6F /* Safari~ipad.png in Resources */ = {isa = PBXBuildFile; fileRef = 1F47003A17492CC90006EA6F /* Safari~ipad.png */; };
		1F47004617492CCA0006EA6F /* TUSafariActivity.m in Sources */ = {isa = PBXBuildFile; fileRef = 1F47003E17492CC90006EA6F /* TUSafariActivity.m */; };
		1F47004E17492D970006EA6F /* ARChromeActivity.m in Sources */ = {isa = PBXBuildFile; fileRef = 1F47004917492D970006EA6F /* ARChromeActivity.m */; };
		1F47004F17492D970006EA6F /* ARChromeActivity.png in Resources */ = {isa = PBXBuildFile; fileRef = 1F47004A17492D970006EA6F /* ARChromeActivity.png */; };
		1F47005017492D970006EA6F /* ARChromeActivity@2x.png in Resources */ = {isa = PBXBuildFile; fileRef = 1F47004B17492D970006EA6F /* ARChromeActivity@2x.png */; };
		1F47005117492D970006EA6F /* ARChromeActivity@2x~ipad.png in Resources */ = {isa = PBXBuildFile; fileRef = 1F47004C17492D970006EA6F /* ARChromeActivity@2x~ipad.png */; };
		1F47005217492D970006EA6F /* ARChromeActivity~ipad.png in Resources */ = {isa = PBXBuildFile; fileRef = 1F47004D17492D970006EA6F /* ARChromeActivity~ipad.png */; };
		1F470055174BDBFA0006EA6F /* back@2x.png in Resources */ = {isa = PBXBuildFile; fileRef = 1F470053174BDBFA0006EA6F /* back@2x.png */; };
		1F470056174BDBFA0006EA6F /* back.png in Resources */ = {isa = PBXBuildFile; fileRef = 1F470054174BDBFA0006EA6F /* back.png */; };
		1F470059174BDCC00006EA6F /* barback@2x.png in Resources */ = {isa = PBXBuildFile; fileRef = 1F470057174BDCC00006EA6F /* barback@2x.png */; };
		1F47005A174BDCC00006EA6F /* barback.png in Resources */ = {isa = PBXBuildFile; fileRef = 1F470058174BDCC00006EA6F /* barback.png */; };
		1F47005D174C0F860006EA6F /* DKCommentsTableViewController.m in Sources */ = {isa = PBXBuildFile; fileRef = 1F47005C174C0F860006EA6F /* DKCommentsTableViewController.m */; };
		1F54031D1742928700388083 /* SystemConfiguration.framework in Frameworks */ = {isa = PBXBuildFile; fileRef = 1F54031C1742928700388083 /* SystemConfiguration.framework */; };
		1F54031F1742929000388083 /* MobileCoreServices.framework in Frameworks */ = {isa = PBXBuildFile; fileRef = 1F54031E1742929000388083 /* MobileCoreServices.framework */; };
		1F54036917429A9C00388083 /* comments.png in Resources */ = {isa = PBXBuildFile; fileRef = 1F54032117429A9C00388083 /* comments.png */; };
		1F54036A17429A9C00388083 /* comments@2x.png in Resources */ = {isa = PBXBuildFile; fileRef = 1F54032217429A9C00388083 /* comments@2x.png */; };
		1F54036B17429A9C00388083 /* DKArticleTableViewController.m in Sources */ = {isa = PBXBuildFile; fileRef = 1F54032517429A9C00388083 /* DKArticleTableViewController.m */; };
		1F54036C17429A9C00388083 /* DKArticleViewController.m in Sources */ = {isa = PBXBuildFile; fileRef = 1F54032717429A9C00388083 /* DKArticleViewController.m */; };
		1F54036F17429A9C00388083 /* DKCommentsViewController.m in Sources */ = {isa = PBXBuildFile; fileRef = 1F54032D17429A9C00388083 /* DKCommentsViewController.m */; };
		1F54037317429A9C00388083 /* DKAppDelegate.m in Sources */ = {isa = PBXBuildFile; fileRef = 1F54033217429A9C00388083 /* DKAppDelegate.m */; };
		1F54037417429A9C00388083 /* InfoPlist.strings in Resources */ = {isa = PBXBuildFile; fileRef = 1F54033317429A9C00388083 /* InfoPlist.strings */; };
		1F54037517429A9C00388083 /* MainStoryboard.storyboard in Resources */ = {isa = PBXBuildFile; fileRef = 1F54033517429A9C00388083 /* MainStoryboard.storyboard */; };
		1F54037617429A9C00388083 /* AFHTTPClient.m in Sources */ = {isa = PBXBuildFile; fileRef = 1F54033A17429A9C00388083 /* AFHTTPClient.m */; };
		1F54037717429A9C00388083 /* AFHTTPRequestOperation.m in Sources */ = {isa = PBXBuildFile; fileRef = 1F54033C17429A9C00388083 /* AFHTTPRequestOperation.m */; };
		1F54037817429A9C00388083 /* AFImageRequestOperation.m in Sources */ = {isa = PBXBuildFile; fileRef = 1F54033E17429A9C00388083 /* AFImageRequestOperation.m */; };
		1F54037917429A9C00388083 /* AFJSONRequestOperation.m in Sources */ = {isa = PBXBuildFile; fileRef = 1F54034017429A9C00388083 /* AFJSONRequestOperation.m */; };
		1F54037A17429A9C00388083 /* AFNetworkActivityIndicatorManager.m in Sources */ = {isa = PBXBuildFile; fileRef = 1F54034217429A9C00388083 /* AFNetworkActivityIndicatorManager.m */; };
		1F54037B17429A9C00388083 /* AFPropertyListRequestOperation.m in Sources */ = {isa = PBXBuildFile; fileRef = 1F54034517429A9C00388083 /* AFPropertyListRequestOperation.m */; };
		1F54037C17429A9C00388083 /* AFURLConnectionOperation.m in Sources */ = {isa = PBXBuildFile; fileRef = 1F54034717429A9C00388083 /* AFURLConnectionOperation.m */; };
		1F54037D17429A9C00388083 /* AFXMLRequestOperation.m in Sources */ = {isa = PBXBuildFile; fileRef = 1F54034917429A9C00388083 /* AFXMLRequestOperation.m */; };
		1F54037E17429A9C00388083 /* UIImageView+AFNetworking.m in Sources */ = {isa = PBXBuildFile; fileRef = 1F54034B17429A9C00388083 /* UIImageView+AFNetworking.m */; };
		1F54037F17429A9C00388083 /* NSDateTimeAgo.strings in Resources */ = {isa = PBXBuildFile; fileRef = 1F54034E17429A9C00388083 /* NSDateTimeAgo.strings */; };
		1F54038017429A9C00388083 /* NSDate+TimeAgo.m in Sources */ = {isa = PBXBuildFile; fileRef = 1F54035B17429A9C00388083 /* NSDate+TimeAgo.m */; };
		1F54038117429A9C00388083 /* README.md in Resources */ = {isa = PBXBuildFile; fileRef = 1F54035C17429A9C00388083 /* README.md */; };
		1F54038217429A9C00388083 /* main.m in Sources */ = {isa = PBXBuildFile; fileRef = 1F54035D17429A9C00388083 /* main.m */; };
		1F54038317429A9C00388083 /* profile.png in Resources */ = {isa = PBXBuildFile; fileRef = 1F54035E17429A9C00388083 /* profile.png */; };
		1F54038417429A9C00388083 /* profile@2x.png in Resources */ = {isa = PBXBuildFile; fileRef = 1F54035F17429A9C00388083 /* profile@2x.png */; };
		1F54038617429A9C00388083 /* DKArticleTableViewCell.m in Sources */ = {isa = PBXBuildFile; fileRef = 1F54036417429A9C00388083 /* DKArticleTableViewCell.m */; };
		1F54038A17429D9900388083 /* Default-568h@2x.png in Resources */ = {isa = PBXBuildFile; fileRef = 1F54038917429D9900388083 /* Default-568h@2x.png */; };
		1F54038C17429DA100388083 /* Default.png in Resources */ = {isa = PBXBuildFile; fileRef = 1F54038B17429DA100388083 /* Default.png */; };
		1F54038E17429DA800388083 /* Default@2x.png in Resources */ = {isa = PBXBuildFile; fileRef = 1F54038D17429DA800388083 /* Default@2x.png */; };
		1F8CE91E173F7BE10062B027 /* icon@2x.png in Resources */ = {isa = PBXBuildFile; fileRef = 1F8CE91D173F7BE10062B027 /* icon@2x.png */; };
		1F8CE920173F7BE60062B027 /* icon.png in Resources */ = {isa = PBXBuildFile; fileRef = 1F8CE91F173F7BE60062B027 /* icon.png */; };
/* End PBXBuildFile section */

/* Begin PBXFileReference section */
		1F07150917457FB50080B014 /* CoreText.framework */ = {isa = PBXFileReference; lastKnownFileType = wrapper.framework; name = CoreText.framework; path = System/Library/Frameworks/CoreText.framework; sourceTree = SDKROOT; };
		1F07153F174789120080B014 /* DKEchoJS.h */ = {isa = PBXFileReference; fileEncoding = 4; lastKnownFileType = sourcecode.c.h; name = DKEchoJS.h; path = Model/DKEchoJS.h; sourceTree = "<group>"; };
		1F071540174789120080B014 /* DKEchoJS.m */ = {isa = PBXFileReference; fileEncoding = 4; lastKnownFileType = sourcecode.c.objc; name = DKEchoJS.m; path = Model/DKEchoJS.m; sourceTree = "<group>"; };
		1F0715431747BF470080B014 /* UIApplication+NetworkActivityManager.h */ = {isa = PBXFileReference; fileEncoding = 4; lastKnownFileType = sourcecode.c.h; name = "UIApplication+NetworkActivityManager.h"; path = "Category/UIApplication+NetworkActivityManager.h"; sourceTree = "<group>"; };
		1F0715441747BF470080B014 /* UIApplication+NetworkActivityManager.m */ = {isa = PBXFileReference; fileEncoding = 4; lastKnownFileType = sourcecode.c.objc; name = "UIApplication+NetworkActivityManager.m"; path = "Category/UIApplication+NetworkActivityManager.m"; sourceTree = "<group>"; };
		1F0715471747DE1C0080B014 /* ECSlidingViewController.h */ = {isa = PBXFileReference; fileEncoding = 4; lastKnownFileType = sourcecode.c.h; path = ECSlidingViewController.h; sourceTree = "<group>"; };
		1F0715481747DE1C0080B014 /* ECSlidingViewController.m */ = {isa = PBXFileReference; fileEncoding = 4; lastKnownFileType = sourcecode.c.objc; path = ECSlidingViewController.m; sourceTree = "<group>"; };
		1F0715491747DE1C0080B014 /* UIImage+ImageWithUIView.h */ = {isa = PBXFileReference; fileEncoding = 4; lastKnownFileType = sourcecode.c.h; path = "UIImage+ImageWithUIView.h"; sourceTree = "<group>"; };
		1F07154A1747DE1C0080B014 /* UIImage+ImageWithUIView.m */ = {isa = PBXFileReference; fileEncoding = 4; lastKnownFileType = sourcecode.c.objc; path = "UIImage+ImageWithUIView.m"; sourceTree = "<group>"; };
		1F0715511748041B0080B014 /* SVPullToRefresh.h */ = {isa = PBXFileReference; fileEncoding = 4; lastKnownFileType = sourcecode.c.h; path = SVPullToRefresh.h; sourceTree = "<group>"; };
		1F0715521748041B0080B014 /* UIScrollView+SVInfiniteScrolling.h */ = {isa = PBXFileReference; fileEncoding = 4; lastKnownFileType = sourcecode.c.h; path = "UIScrollView+SVInfiniteScrolling.h"; sourceTree = "<group>"; };
		1F0715531748041B0080B014 /* UIScrollView+SVInfiniteScrolling.m */ = {isa = PBXFileReference; fileEncoding = 4; lastKnownFileType = sourcecode.c.objc; path = "UIScrollView+SVInfiniteScrolling.m"; sourceTree = "<group>"; };
		1F0715541748041B0080B014 /* UIScrollView+SVPullToRefresh.h */ = {isa = PBXFileReference; fileEncoding = 4; lastKnownFileType = sourcecode.c.h; path = "UIScrollView+SVPullToRefresh.h"; sourceTree = "<group>"; };
		1F0715551748041B0080B014 /* UIScrollView+SVPullToRefresh.m */ = {isa = PBXFileReference; fileEncoding = 4; lastKnownFileType = sourcecode.c.objc; path = "UIScrollView+SVPullToRefresh.m"; sourceTree = "<group>"; };
		1F0715581748046B0080B014 /* QuartzCore.framework */ = {isa = PBXFileReference; lastKnownFileType = wrapper.framework; name = QuartzCore.framework; path = System/Library/Frameworks/QuartzCore.framework; sourceTree = SDKROOT; };
		1F071575174908C50080B014 /* FUIAlertView.h */ = {isa = PBXFileReference; fileEncoding = 4; lastKnownFileType = sourcecode.c.h; path = FUIAlertView.h; sourceTree = "<group>"; };
		1F071576174908C50080B014 /* FUIAlertView.m */ = {isa = PBXFileReference; fileEncoding = 4; lastKnownFileType = sourcecode.c.objc; path = FUIAlertView.m; sourceTree = "<group>"; };
		1F071577174908C50080B014 /* FUIButton.h */ = {isa = PBXFileReference; fileEncoding = 4; lastKnownFileType = sourcecode.c.h; path = FUIButton.h; sourceTree = "<group>"; };
		1F071578174908C50080B014 /* FUIButton.m */ = {isa = PBXFileReference; fileEncoding = 4; lastKnownFileType = sourcecode.c.objc; path = FUIButton.m; sourceTree = "<group>"; };
		1F071579174908C50080B014 /* FUISegmentedControl.h */ = {isa = PBXFileReference; fileEncoding = 4; lastKnownFileType = sourcecode.c.h; path = FUISegmentedControl.h; sourceTree = "<group>"; };
		1F07157A174908C50080B014 /* FUISegmentedControl.m */ = {isa = PBXFileReference; fileEncoding = 4; lastKnownFileType = sourcecode.c.objc; path = FUISegmentedControl.m; sourceTree = "<group>"; };
		1F07157B174908C50080B014 /* FUISwitch.h */ = {isa = PBXFileReference; fileEncoding = 4; lastKnownFileType = sourcecode.c.h; path = FUISwitch.h; sourceTree = "<group>"; };
		1F07157C174908C50080B014 /* FUISwitch.m */ = {isa = PBXFileReference; fileEncoding = 4; lastKnownFileType = sourcecode.c.objc; path = FUISwitch.m; sourceTree = "<group>"; };
		1F07157D174908C50080B014 /* UIBarButtonItem+FlatUI.h */ = {isa = PBXFileReference; fileEncoding = 4; lastKnownFileType = sourcecode.c.h; path = "UIBarButtonItem+FlatUI.h"; sourceTree = "<group>"; };
		1F07157E174908C50080B014 /* UIBarButtonItem+FlatUI.m */ = {isa = PBXFileReference; fileEncoding = 4; lastKnownFileType = sourcecode.c.objc; path = "UIBarButtonItem+FlatUI.m"; sourceTree = "<group>"; };
		1F07157F174908C50080B014 /* UIColor+FlatUI.h */ = {isa = PBXFileReference; fileEncoding = 4; lastKnownFileType = sourcecode.c.h; path = "UIColor+FlatUI.h"; sourceTree = "<group>"; };
		1F071580174908C50080B014 /* UIColor+FlatUI.m */ = {isa = PBXFileReference; fileEncoding = 4; lastKnownFileType = sourcecode.c.objc; path = "UIColor+FlatUI.m"; sourceTree = "<group>"; };
		1F071581174908C50080B014 /* UIFont+FlatUI.h */ = {isa = PBXFileReference; fileEncoding = 4; lastKnownFileType = sourcecode.c.h; path = "UIFont+FlatUI.h"; sourceTree = "<group>"; };
		1F071582174908C50080B014 /* UIFont+FlatUI.m */ = {isa = PBXFileReference; fileEncoding = 4; lastKnownFileType = sourcecode.c.objc; path = "UIFont+FlatUI.m"; sourceTree = "<group>"; };
		1F071583174908C50080B014 /* UIImage+FlatUI.h */ = {isa = PBXFileReference; fileEncoding = 4; lastKnownFileType = sourcecode.c.h; path = "UIImage+FlatUI.h"; sourceTree = "<group>"; };
		1F071584174908C50080B014 /* UIImage+FlatUI.m */ = {isa = PBXFileReference; fileEncoding = 4; lastKnownFileType = sourcecode.c.objc; path = "UIImage+FlatUI.m"; sourceTree = "<group>"; };
		1F071585174908C50080B014 /* UINavigationBar+FlatUI.h */ = {isa = PBXFileReference; fileEncoding = 4; lastKnownFileType = sourcecode.c.h; path = "UINavigationBar+FlatUI.h"; sourceTree = "<group>"; };
		1F071586174908C50080B014 /* UINavigationBar+FlatUI.m */ = {isa = PBXFileReference; fileEncoding = 4; lastKnownFileType = sourcecode.c.objc; path = "UINavigationBar+FlatUI.m"; sourceTree = "<group>"; };
		1F071587174908C50080B014 /* UIProgressView+FlatUI.h */ = {isa = PBXFileReference; fileEncoding = 4; lastKnownFileType = sourcecode.c.h; path = "UIProgressView+FlatUI.h"; sourceTree = "<group>"; };
		1F071588174908C50080B014 /* UIProgressView+FlatUI.m */ = {isa = PBXFileReference; fileEncoding = 4; lastKnownFileType = sourcecode.c.objc; path = "UIProgressView+FlatUI.m"; sourceTree = "<group>"; };
		1F071589174908C50080B014 /* UISlider+FlatUI.h */ = {isa = PBXFileReference; fileEncoding = 4; lastKnownFileType = sourcecode.c.h; path = "UISlider+FlatUI.h"; sourceTree = "<group>"; };
		1F07158A174908C50080B014 /* UISlider+FlatUI.m */ = {isa = PBXFileReference; fileEncoding = 4; lastKnownFileType = sourcecode.c.objc; path = "UISlider+FlatUI.m"; sourceTree = "<group>"; };
		1F07158B174908C50080B014 /* UIStepper+FlatUI.h */ = {isa = PBXFileReference; fileEncoding = 4; lastKnownFileType = sourcecode.c.h; path = "UIStepper+FlatUI.h"; sourceTree = "<group>"; };
		1F07158C174908C50080B014 /* UIStepper+FlatUI.m */ = {isa = PBXFileReference; fileEncoding = 4; lastKnownFileType = sourcecode.c.objc; path = "UIStepper+FlatUI.m"; sourceTree = "<group>"; };
		1F07158D174908C50080B014 /* UITabBar+FlatUI.h */ = {isa = PBXFileReference; fileEncoding = 4; lastKnownFileType = sourcecode.c.h; path = "UITabBar+FlatUI.h"; sourceTree = "<group>"; };
		1F07158E174908C50080B014 /* UITabBar+FlatUI.m */ = {isa = PBXFileReference; fileEncoding = 4; lastKnownFileType = sourcecode.c.objc; path = "UITabBar+FlatUI.m"; sourceTree = "<group>"; };
		1F31A75317312EDB004343FF /* sonarJS.app */ = {isa = PBXFileReference; explicitFileType = wrapper.application; includeInIndex = 0; path = sonarJS.app; sourceTree = BUILT_PRODUCTS_DIR; };
		1F31A75617312EDB004343FF /* UIKit.framework */ = {isa = PBXFileReference; lastKnownFileType = wrapper.framework; name = UIKit.framework; path = System/Library/Frameworks/UIKit.framework; sourceTree = SDKROOT; };
		1F31A75817312EDB004343FF /* Foundation.framework */ = {isa = PBXFileReference; lastKnownFileType = wrapper.framework; name = Foundation.framework; path = System/Library/Frameworks/Foundation.framework; sourceTree = SDKROOT; };
		1F31A75A17312EDB004343FF /* CoreGraphics.framework */ = {isa = PBXFileReference; lastKnownFileType = wrapper.framework; name = CoreGraphics.framework; path = System/Library/Frameworks/CoreGraphics.framework; sourceTree = SDKROOT; };
		1F47002817492CC90006EA6F /* cs */ = {isa = PBXFileReference; lastKnownFileType = text.plist.strings; name = cs; path = cs.lproj/TUSafariActivity.strings; sourceTree = "<group>"; };
		1F47002917492CC90006EA6F /* de */ = {isa = PBXFileReference; lastKnownFileType = text.plist.strings; name = de; path = de.lproj/TUSafariActivity.strings; sourceTree = "<group>"; };
		1F47002A17492CC90006EA6F /* en */ = {isa = PBXFileReference; lastKnownFileType = text.plist.strings; name = en; path = en.lproj/TUSafariActivity.strings; sourceTree = "<group>"; };
		1F47002B17492CC90006EA6F /* es */ = {isa = PBXFileReference; lastKnownFileType = text.plist.strings; name = es; path = es.lproj/TUSafariActivity.strings; sourceTree = "<group>"; };
		1F47002C17492CC90006EA6F /* eu */ = {isa = PBXFileReference; lastKnownFileType = text.plist.strings; name = eu; path = eu.lproj/TUSafariActivity.strings; sourceTree = "<group>"; };
		1F47002D17492CC90006EA6F /* fi */ = {isa = PBXFileReference; lastKnownFileType = text.plist.strings; name = fi; path = fi.lproj/TUSafariActivity.strings; sourceTree = "<group>"; };
		1F47002E17492CC90006EA6F /* fr */ = {isa = PBXFileReference; lastKnownFileType = text.plist.strings; name = fr; path = fr.lproj/TUSafariActivity.strings; sourceTree = "<group>"; };
		1F47002F17492CC90006EA6F /* it */ = {isa = PBXFileReference; lastKnownFileType = text.plist.strings; name = it; path = it.lproj/TUSafariActivity.strings; sourceTree = "<group>"; };
		1F47003017492CC90006EA6F /* ja */ = {isa = PBXFileReference; lastKnownFileType = text.plist.strings; name = ja; path = ja.lproj/TUSafariActivity.strings; sourceTree = "<group>"; };
		1F47003117492CC90006EA6F /* ko */ = {isa = PBXFileReference; lastKnownFileType = text.plist.strings; name = ko; path = ko.lproj/TUSafariActivity.strings; sourceTree = "<group>"; };
		1F47003217492CC90006EA6F /* nl */ = {isa = PBXFileReference; lastKnownFileType = text.plist.strings; name = nl; path = nl.lproj/TUSafariActivity.strings; sourceTree = "<group>"; };
		1F47003317492CC90006EA6F /* no */ = {isa = PBXFileReference; lastKnownFileType = text.plist.strings; name = no; path = no.lproj/TUSafariActivity.strings; sourceTree = "<group>"; };
		1F47003417492CC90006EA6F /* pl */ = {isa = PBXFileReference; lastKnownFileType = text.plist.strings; name = pl; path = pl.lproj/TUSafariActivity.strings; sourceTree = "<group>"; };
		1F47003517492CC90006EA6F /* pt */ = {isa = PBXFileReference; lastKnownFileType = text.plist.strings; name = pt; path = pt.lproj/TUSafariActivity.strings; sourceTree = "<group>"; };
		1F47003617492CC90006EA6F /* ru */ = {isa = PBXFileReference; lastKnownFileType = text.plist.strings; name = ru; path = ru.lproj/TUSafariActivity.strings; sourceTree = "<group>"; };
		1F47003717492CC90006EA6F /* Safari.png */ = {isa = PBXFileReference; lastKnownFileType = image.png; path = Safari.png; sourceTree = "<group>"; };
		1F47003817492CC90006EA6F /* Safari@2x.png */ = {isa = PBXFileReference; lastKnownFileType = image.png; path = "Safari@2x.png"; sourceTree = "<group>"; };
		1F47003917492CC90006EA6F /* Safari@2x~ipad.png */ = {isa = PBXFileReference; lastKnownFileType = image.png; path = "Safari@2x~ipad.png"; sourceTree = "<group>"; };
		1F47003A17492CC90006EA6F /* Safari~ipad.png */ = {isa = PBXFileReference; lastKnownFileType = image.png; path = "Safari~ipad.png"; sourceTree = "<group>"; };
		1F47003B17492CC90006EA6F /* sk */ = {isa = PBXFileReference; lastKnownFileType = text.plist.strings; name = sk; path = sk.lproj/TUSafariActivity.strings; sourceTree = "<group>"; };
		1F47003C17492CC90006EA6F /* sv */ = {isa = PBXFileReference; lastKnownFileType = text.plist.strings; name = sv; path = sv.lproj/TUSafariActivity.strings; sourceTree = "<group>"; };
		1F47003D17492CC90006EA6F /* TUSafariActivity.h */ = {isa = PBXFileReference; fileEncoding = 4; lastKnownFileType = sourcecode.c.h; path = TUSafariActivity.h; sourceTree = "<group>"; };
		1F47003E17492CC90006EA6F /* TUSafariActivity.m */ = {isa = PBXFileReference; fileEncoding = 4; lastKnownFileType = sourcecode.c.objc; path = TUSafariActivity.m; sourceTree = "<group>"; };
		1F47003F17492CC90006EA6F /* vi */ = {isa = PBXFileReference; lastKnownFileType = text.plist.strings; name = vi; path = vi.lproj/TUSafariActivity.strings; sourceTree = "<group>"; };
		1F47004017492CC90006EA6F /* zh_CN */ = {isa = PBXFileReference; lastKnownFileType = text.plist.strings; name = zh_CN; path = zh_CN.lproj/TUSafariActivity.strings; sourceTree = "<group>"; };
		1F47004817492D970006EA6F /* ARChromeActivity.h */ = {isa = PBXFileReference; fileEncoding = 4; lastKnownFileType = sourcecode.c.h; path = ARChromeActivity.h; sourceTree = "<group>"; };
		1F47004917492D970006EA6F /* ARChromeActivity.m */ = {isa = PBXFileReference; fileEncoding = 4; lastKnownFileType = sourcecode.c.objc; path = ARChromeActivity.m; sourceTree = "<group>"; };
		1F47004A17492D970006EA6F /* ARChromeActivity.png */ = {isa = PBXFileReference; lastKnownFileType = image.png; path = ARChromeActivity.png; sourceTree = "<group>"; };
		1F47004B17492D970006EA6F /* ARChromeActivity@2x.png */ = {isa = PBXFileReference; lastKnownFileType = image.png; path = "ARChromeActivity@2x.png"; sourceTree = "<group>"; };
		1F47004C17492D970006EA6F /* ARChromeActivity@2x~ipad.png */ = {isa = PBXFileReference; lastKnownFileType = image.png; path = "ARChromeActivity@2x~ipad.png"; sourceTree = "<group>"; };
		1F47004D17492D970006EA6F /* ARChromeActivity~ipad.png */ = {isa = PBXFileReference; lastKnownFileType = image.png; path = "ARChromeActivity~ipad.png"; sourceTree = "<group>"; };
		1F470053174BDBFA0006EA6F /* back@2x.png */ = {isa = PBXFileReference; lastKnownFileType = image.png; path = "back@2x.png"; sourceTree = "<group>"; };
		1F470054174BDBFA0006EA6F /* back.png */ = {isa = PBXFileReference; lastKnownFileType = image.png; path = back.png; sourceTree = "<group>"; };
		1F470057174BDCC00006EA6F /* barback@2x.png */ = {isa = PBXFileReference; lastKnownFileType = image.png; path = "barback@2x.png"; sourceTree = "<group>"; };
		1F470058174BDCC00006EA6F /* barback.png */ = {isa = PBXFileReference; lastKnownFileType = image.png; path = barback.png; sourceTree = "<group>"; };
		1F47005B174C0F860006EA6F /* DKCommentsTableViewController.h */ = {isa = PBXFileReference; fileEncoding = 4; lastKnownFileType = sourcecode.c.h; path = DKCommentsTableViewController.h; sourceTree = "<group>"; };
		1F47005C174C0F860006EA6F /* DKCommentsTableViewController.m */ = {isa = PBXFileReference; fileEncoding = 4; lastKnownFileType = sourcecode.c.objc; path = DKCommentsTableViewController.m; sourceTree = "<group>"; };
		1F54031C1742928700388083 /* SystemConfiguration.framework */ = {isa = PBXFileReference; lastKnownFileType = wrapper.framework; name = SystemConfiguration.framework; path = System/Library/Frameworks/SystemConfiguration.framework; sourceTree = SDKROOT; };
		1F54031E1742929000388083 /* MobileCoreServices.framework */ = {isa = PBXFileReference; lastKnownFileType = wrapper.framework; name = MobileCoreServices.framework; path = System/Library/Frameworks/MobileCoreServices.framework; sourceTree = SDKROOT; };
		1F54032117429A9C00388083 /* comments.png */ = {isa = PBXFileReference; lastKnownFileType = image.png; path = comments.png; sourceTree = "<group>"; };
		1F54032217429A9C00388083 /* comments@2x.png */ = {isa = PBXFileReference; lastKnownFileType = image.png; path = "comments@2x.png"; sourceTree = "<group>"; };
		1F54032417429A9C00388083 /* DKArticleTableViewController.h */ = {isa = PBXFileReference; fileEncoding = 4; lastKnownFileType = sourcecode.c.h; path = DKArticleTableViewController.h; sourceTree = "<group>"; };
		1F54032517429A9C00388083 /* DKArticleTableViewController.m */ = {isa = PBXFileReference; fileEncoding = 4; lastKnownFileType = sourcecode.c.objc; path = DKArticleTableViewController.m; sourceTree = "<group>"; };
		1F54032617429A9C00388083 /* DKArticleViewController.h */ = {isa = PBXFileReference; fileEncoding = 4; lastKnownFileType = sourcecode.c.h; path = DKArticleViewController.h; sourceTree = "<group>"; };
		1F54032717429A9C00388083 /* DKArticleViewController.m */ = {isa = PBXFileReference; fileEncoding = 4; lastKnownFileType = sourcecode.c.objc; path = DKArticleViewController.m; sourceTree = "<group>"; };
		1F54032C17429A9C00388083 /* DKCommentsViewController.h */ = {isa = PBXFileReference; fileEncoding = 4; lastKnownFileType = sourcecode.c.h; path = DKCommentsViewController.h; sourceTree = "<group>"; };
		1F54032D17429A9C00388083 /* DKCommentsViewController.m */ = {isa = PBXFileReference; fileEncoding = 4; lastKnownFileType = sourcecode.c.objc; path = DKCommentsViewController.m; sourceTree = "<group>"; };
		1F54033117429A9C00388083 /* DKAppDelegate.h */ = {isa = PBXFileReference; fileEncoding = 4; lastKnownFileType = sourcecode.c.h; path = DKAppDelegate.h; sourceTree = "<group>"; };
		1F54033217429A9C00388083 /* DKAppDelegate.m */ = {isa = PBXFileReference; fileEncoding = 4; lastKnownFileType = sourcecode.c.objc; path = DKAppDelegate.m; sourceTree = "<group>"; };
		1F54033417429A9C00388083 /* en */ = {isa = PBXFileReference; lastKnownFileType = text.plist.strings; name = en; path = en.lproj/InfoPlist.strings; sourceTree = "<group>"; };
		1F54033617429A9C00388083 /* en */ = {isa = PBXFileReference; lastKnownFileType = file.storyboard; name = en; path = en.lproj/MainStoryboard.storyboard; sourceTree = "<group>"; };
		1F54033917429A9C00388083 /* AFHTTPClient.h */ = {isa = PBXFileReference; fileEncoding = 4; lastKnownFileType = sourcecode.c.h; path = AFHTTPClient.h; sourceTree = "<group>"; };
		1F54033A17429A9C00388083 /* AFHTTPClient.m */ = {isa = PBXFileReference; fileEncoding = 4; lastKnownFileType = sourcecode.c.objc; path = AFHTTPClient.m; sourceTree = "<group>"; };
		1F54033B17429A9C00388083 /* AFHTTPRequestOperation.h */ = {isa = PBXFileReference; fileEncoding = 4; lastKnownFileType = sourcecode.c.h; path = AFHTTPRequestOperation.h; sourceTree = "<group>"; };
		1F54033C17429A9C00388083 /* AFHTTPRequestOperation.m */ = {isa = PBXFileReference; fileEncoding = 4; lastKnownFileType = sourcecode.c.objc; path = AFHTTPRequestOperation.m; sourceTree = "<group>"; };
		1F54033D17429A9C00388083 /* AFImageRequestOperation.h */ = {isa = PBXFileReference; fileEncoding = 4; lastKnownFileType = sourcecode.c.h; path = AFImageRequestOperation.h; sourceTree = "<group>"; };
		1F54033E17429A9C00388083 /* AFImageRequestOperation.m */ = {isa = PBXFileReference; fileEncoding = 4; lastKnownFileType = sourcecode.c.objc; path = AFImageRequestOperation.m; sourceTree = "<group>"; };
		1F54033F17429A9C00388083 /* AFJSONRequestOperation.h */ = {isa = PBXFileReference; fileEncoding = 4; lastKnownFileType = sourcecode.c.h; path = AFJSONRequestOperation.h; sourceTree = "<group>"; };
		1F54034017429A9C00388083 /* AFJSONRequestOperation.m */ = {isa = PBXFileReference; fileEncoding = 4; lastKnownFileType = sourcecode.c.objc; path = AFJSONRequestOperation.m; sourceTree = "<group>"; };
		1F54034117429A9C00388083 /* AFNetworkActivityIndicatorManager.h */ = {isa = PBXFileReference; fileEncoding = 4; lastKnownFileType = sourcecode.c.h; path = AFNetworkActivityIndicatorManager.h; sourceTree = "<group>"; };
		1F54034217429A9C00388083 /* AFNetworkActivityIndicatorManager.m */ = {isa = PBXFileReference; fileEncoding = 4; lastKnownFileType = sourcecode.c.objc; path = AFNetworkActivityIndicatorManager.m; sourceTree = "<group>"; };
		1F54034317429A9C00388083 /* AFNetworking.h */ = {isa = PBXFileReference; fileEncoding = 4; lastKnownFileType = sourcecode.c.h; path = AFNetworking.h; sourceTree = "<group>"; };
		1F54034417429A9C00388083 /* AFPropertyListRequestOperation.h */ = {isa = PBXFileReference; fileEncoding = 4; lastKnownFileType = sourcecode.c.h; path = AFPropertyListRequestOperation.h; sourceTree = "<group>"; };
		1F54034517429A9C00388083 /* AFPropertyListRequestOperation.m */ = {isa = PBXFileReference; fileEncoding = 4; lastKnownFileType = sourcecode.c.objc; path = AFPropertyListRequestOperation.m; sourceTree = "<group>"; };
		1F54034617429A9C00388083 /* AFURLConnectionOperation.h */ = {isa = PBXFileReference; fileEncoding = 4; lastKnownFileType = sourcecode.c.h; path = AFURLConnectionOperation.h; sourceTree = "<group>"; };
		1F54034717429A9C00388083 /* AFURLConnectionOperation.m */ = {isa = PBXFileReference; fileEncoding = 4; lastKnownFileType = sourcecode.c.objc; path = AFURLConnectionOperation.m; sourceTree = "<group>"; };
		1F54034817429A9C00388083 /* AFXMLRequestOperation.h */ = {isa = PBXFileReference; fileEncoding = 4; lastKnownFileType = sourcecode.c.h; path = AFXMLRequestOperation.h; sourceTree = "<group>"; };
		1F54034917429A9C00388083 /* AFXMLRequestOperation.m */ = {isa = PBXFileReference; fileEncoding = 4; lastKnownFileType = sourcecode.c.objc; path = AFXMLRequestOperation.m; sourceTree = "<group>"; };
		1F54034A17429A9C00388083 /* UIImageView+AFNetworking.h */ = {isa = PBXFileReference; fileEncoding = 4; lastKnownFileType = sourcecode.c.h; path = "UIImageView+AFNetworking.h"; sourceTree = "<group>"; };
		1F54034B17429A9C00388083 /* UIImageView+AFNetworking.m */ = {isa = PBXFileReference; fileEncoding = 4; lastKnownFileType = sourcecode.c.objc; path = "UIImageView+AFNetworking.m"; sourceTree = "<group>"; };
		1F54034F17429A9C00388083 /* de */ = {isa = PBXFileReference; lastKnownFileType = text.plist.strings; name = de; path = de.lproj/NSDateTimeAgo.strings; sourceTree = "<group>"; };
		1F54035017429A9C00388083 /* en */ = {isa = PBXFileReference; lastKnownFileType = text.plist.strings; name = en; path = en.lproj/NSDateTimeAgo.strings; sourceTree = "<group>"; };
		1F54035117429A9C00388083 /* es */ = {isa = PBXFileReference; lastKnownFileType = text.plist.strings; name = es; path = es.lproj/NSDateTimeAgo.strings; sourceTree = "<group>"; };
		1F54035217429A9C00388083 /* fi */ = {isa = PBXFileReference; lastKnownFileType = text.plist.strings; name = fi; path = fi.lproj/NSDateTimeAgo.strings; sourceTree = "<group>"; };
		1F54035317429A9C00388083 /* fr */ = {isa = PBXFileReference; lastKnownFileType = text.plist.strings; name = fr; path = fr.lproj/NSDateTimeAgo.strings; sourceTree = "<group>"; };
		1F54035417429A9C00388083 /* hu */ = {isa = PBXFileReference; lastKnownFileType = text.plist.strings; name = hu; path = hu.lproj/NSDateTimeAgo.strings; sourceTree = "<group>"; };
		1F54035517429A9C00388083 /* it */ = {isa = PBXFileReference; lastKnownFileType = text.plist.strings; name = it; path = it.lproj/NSDateTimeAgo.strings; sourceTree = "<group>"; };
		1F54035617429A9C00388083 /* nl */ = {isa = PBXFileReference; lastKnownFileType = text.plist.strings; name = nl; path = nl.lproj/NSDateTimeAgo.strings; sourceTree = "<group>"; };
		1F54035717429A9C00388083 /* pt_BR */ = {isa = PBXFileReference; lastKnownFileType = text.plist.strings; name = pt_BR; path = pt_BR.lproj/NSDateTimeAgo.strings; sourceTree = "<group>"; };
		1F54035817429A9C00388083 /* ru */ = {isa = PBXFileReference; lastKnownFileType = text.plist.strings; name = ru; path = ru.lproj/NSDateTimeAgo.strings; sourceTree = "<group>"; };
		1F54035917429A9C00388083 /* zh_Hans */ = {isa = PBXFileReference; lastKnownFileType = text.plist.strings; name = zh_Hans; path = zh_Hans.lproj/NSDateTimeAgo.strings; sourceTree = "<group>"; };
		1F54035A17429A9C00388083 /* NSDate+TimeAgo.h */ = {isa = PBXFileReference; fileEncoding = 4; lastKnownFileType = sourcecode.c.h; path = "NSDate+TimeAgo.h"; sourceTree = "<group>"; };
		1F54035B17429A9C00388083 /* NSDate+TimeAgo.m */ = {isa = PBXFileReference; fileEncoding = 4; lastKnownFileType = sourcecode.c.objc; path = "NSDate+TimeAgo.m"; sourceTree = "<group>"; };
		1F54035C17429A9C00388083 /* README.md */ = {isa = PBXFileReference; fileEncoding = 4; lastKnownFileType = text; path = README.md; sourceTree = "<group>"; };
		1F54035D17429A9C00388083 /* main.m */ = {isa = PBXFileReference; fileEncoding = 4; lastKnownFileType = sourcecode.c.objc; path = main.m; sourceTree = "<group>"; };
		1F54035E17429A9C00388083 /* profile.png */ = {isa = PBXFileReference; lastKnownFileType = image.png; path = profile.png; sourceTree = "<group>"; };
		1F54035F17429A9C00388083 /* profile@2x.png */ = {isa = PBXFileReference; lastKnownFileType = image.png; path = "profile@2x.png"; sourceTree = "<group>"; };
		1F54036017429A9C00388083 /* sonarJS-Info.plist */ = {isa = PBXFileReference; fileEncoding = 4; lastKnownFileType = text.plist.xml; path = "sonarJS-Info.plist"; sourceTree = "<group>"; };
		1F54036117429A9C00388083 /* sonarJS-Prefix.pch */ = {isa = PBXFileReference; fileEncoding = 4; lastKnownFileType = sourcecode.c.h; path = "sonarJS-Prefix.pch"; sourceTree = "<group>"; };
		1F54036317429A9C00388083 /* DKArticleTableViewCell.h */ = {isa = PBXFileReference; fileEncoding = 4; lastKnownFileType = sourcecode.c.h; path = DKArticleTableViewCell.h; sourceTree = "<group>"; };
		1F54036417429A9C00388083 /* DKArticleTableViewCell.m */ = {isa = PBXFileReference; fileEncoding = 4; lastKnownFileType = sourcecode.c.objc; path = DKArticleTableViewCell.m; sourceTree = "<group>"; };
		1F54038917429D9900388083 /* Default-568h@2x.png */ = {isa = PBXFileReference; lastKnownFileType = image.png; path = "Default-568h@2x.png"; sourceTree = "<group>"; };
		1F54038B17429DA100388083 /* Default.png */ = {isa = PBXFileReference; lastKnownFileType = image.png; path = Default.png; sourceTree = "<group>"; };
		1F54038D17429DA800388083 /* Default@2x.png */ = {isa = PBXFileReference; lastKnownFileType = image.png; path = "Default@2x.png"; sourceTree = "<group>"; };
		1F8CE91D173F7BE10062B027 /* icon@2x.png */ = {isa = PBXFileReference; lastKnownFileType = image.png; path = "icon@2x.png"; sourceTree = "<group>"; };
		1F8CE91F173F7BE60062B027 /* icon.png */ = {isa = PBXFileReference; lastKnownFileType = image.png; path = icon.png; sourceTree = "<group>"; };
/* End PBXFileReference section */

/* Begin PBXFrameworksBuildPhase section */
		1F31A75017312EDB004343FF /* Frameworks */ = {
			isa = PBXFrameworksBuildPhase;
			buildActionMask = 2147483647;
			files = (
				1F0715591748046B0080B014 /* QuartzCore.framework in Frameworks */,
				1F07150A17457FB50080B014 /* CoreText.framework in Frameworks */,
				1F54031F1742929000388083 /* MobileCoreServices.framework in Frameworks */,
				1F54031D1742928700388083 /* SystemConfiguration.framework in Frameworks */,
				1F31A75717312EDB004343FF /* UIKit.framework in Frameworks */,
				1F31A75917312EDB004343FF /* Foundation.framework in Frameworks */,
				1F31A75B17312EDB004343FF /* CoreGraphics.framework in Frameworks */,
			);
			runOnlyForDeploymentPostprocessing = 0;
		};
/* End PBXFrameworksBuildPhase section */

/* Begin PBXGroup section */
		1F07153A17477F510080B014 /* Application Support */ = {
			isa = PBXGroup;
			children = (
				1F470057174BDCC00006EA6F /* barback@2x.png */,
				1F470058174BDCC00006EA6F /* barback.png */,
				1F470053174BDBFA0006EA6F /* back@2x.png */,
				1F470054174BDBFA0006EA6F /* back.png */,
				1F54033117429A9C00388083 /* DKAppDelegate.h */,
				1F54033217429A9C00388083 /* DKAppDelegate.m */,
				1F54033317429A9C00388083 /* InfoPlist.strings */,
				1F54035D17429A9C00388083 /* main.m */,
				1F54035E17429A9C00388083 /* profile.png */,
				1F54035F17429A9C00388083 /* profile@2x.png */,
				1F54036017429A9C00388083 /* sonarJS-Info.plist */,
				1F54036117429A9C00388083 /* sonarJS-Prefix.pch */,
				1F54032217429A9C00388083 /* comments@2x.png */,
				1F54032117429A9C00388083 /* comments.png */,
			);
			name = "Application Support";
			sourceTree = "<group>";
		};
		1F07153B174784A10080B014 /* Model */ = {
			isa = PBXGroup;
			children = (
				1F07153F174789120080B014 /* DKEchoJS.h */,
				1F071540174789120080B014 /* DKEchoJS.m */,
			);
			name = Model;
			sourceTree = "<group>";
		};
		1F0715421747BEF50080B014 /* Category */ = {
			isa = PBXGroup;
			children = (
				1F0715431747BF470080B014 /* UIApplication+NetworkActivityManager.h */,
				1F0715441747BF470080B014 /* UIApplication+NetworkActivityManager.m */,
			);
			name = Category;
			sourceTree = "<group>";
		};
		1F0715461747DE1C0080B014 /* ECSlidingViewController */ = {
			isa = PBXGroup;
			children = (
				1F0715471747DE1C0080B014 /* ECSlidingViewController.h */,
				1F0715481747DE1C0080B014 /* ECSlidingViewController.m */,
				1F0715491747DE1C0080B014 /* UIImage+ImageWithUIView.h */,
				1F07154A1747DE1C0080B014 /* UIImage+ImageWithUIView.m */,
			);
			path = ECSlidingViewController;
			sourceTree = "<group>";
		};
		1F0715501748041B0080B014 /* SVPullToRefresh */ = {
			isa = PBXGroup;
			children = (
				1F0715511748041B0080B014 /* SVPullToRefresh.h */,
				1F0715521748041B0080B014 /* UIScrollView+SVInfiniteScrolling.h */,
				1F0715531748041B0080B014 /* UIScrollView+SVInfiniteScrolling.m */,
				1F0715541748041B0080B014 /* UIScrollView+SVPullToRefresh.h */,
				1F0715551748041B0080B014 /* UIScrollView+SVPullToRefresh.m */,
			);
			path = SVPullToRefresh;
			sourceTree = "<group>";
		};
		1F071574174908C50080B014 /* FlatUIKit */ = {
			isa = PBXGroup;
			children = (
				1F071575174908C50080B014 /* FUIAlertView.h */,
				1F071576174908C50080B014 /* FUIAlertView.m */,
				1F071577174908C50080B014 /* FUIButton.h */,
				1F071578174908C50080B014 /* FUIButton.m */,
				1F071579174908C50080B014 /* FUISegmentedControl.h */,
				1F07157A174908C50080B014 /* FUISegmentedControl.m */,
				1F07157B174908C50080B014 /* FUISwitch.h */,
				1F07157C174908C50080B014 /* FUISwitch.m */,
				1F07157D174908C50080B014 /* UIBarButtonItem+FlatUI.h */,
				1F07157E174908C50080B014 /* UIBarButtonItem+FlatUI.m */,
				1F07157F174908C50080B014 /* UIColor+FlatUI.h */,
				1F071580174908C50080B014 /* UIColor+FlatUI.m */,
				1F071581174908C50080B014 /* UIFont+FlatUI.h */,
				1F071582174908C50080B014 /* UIFont+FlatUI.m */,
				1F071583174908C50080B014 /* UIImage+FlatUI.h */,
				1F071584174908C50080B014 /* UIImage+FlatUI.m */,
				1F071585174908C50080B014 /* UINavigationBar+FlatUI.h */,
				1F071586174908C50080B014 /* UINavigationBar+FlatUI.m */,
				1F071587174908C50080B014 /* UIProgressView+FlatUI.h */,
				1F071588174908C50080B014 /* UIProgressView+FlatUI.m */,
				1F071589174908C50080B014 /* UISlider+FlatUI.h */,
				1F07158A174908C50080B014 /* UISlider+FlatUI.m */,
				1F07158B174908C50080B014 /* UIStepper+FlatUI.h */,
				1F07158C174908C50080B014 /* UIStepper+FlatUI.m */,
				1F07158D174908C50080B014 /* UITabBar+FlatUI.h */,
				1F07158E174908C50080B014 /* UITabBar+FlatUI.m */,
			);
			path = FlatUIKit;
			sourceTree = "<group>";
		};
		1F31A74A17312EDB004343FF = {
			isa = PBXGroup;
			children = (
				1F54038D17429DA800388083 /* Default@2x.png */,
				1F54038B17429DA100388083 /* Default.png */,
				1F54038917429D9900388083 /* Default-568h@2x.png */,
				1F8CE91F173F7BE60062B027 /* icon.png */,
				1F8CE91D173F7BE10062B027 /* icon@2x.png */,
				1F54032017429A9C00388083 /* sonarJS */,
				1F31A75517312EDB004343FF /* Frameworks */,
				1F31A75417312EDB004343FF /* Products */,
			);
			sourceTree = "<group>";
		};
		1F31A75417312EDB004343FF /* Products */ = {
			isa = PBXGroup;
			children = (
				1F31A75317312EDB004343FF /* sonarJS.app */,
			);
			name = Products;
			sourceTree = "<group>";
		};
		1F31A75517312EDB004343FF /* Frameworks */ = {
			isa = PBXGroup;
			children = (
				1F0715581748046B0080B014 /* QuartzCore.framework */,
				1F07150917457FB50080B014 /* CoreText.framework */,
				1F54031E1742929000388083 /* MobileCoreServices.framework */,
				1F54031C1742928700388083 /* SystemConfiguration.framework */,
				1F31A75617312EDB004343FF /* UIKit.framework */,
				1F31A75817312EDB004343FF /* Foundation.framework */,
				1F31A75A17312EDB004343FF /* CoreGraphics.framework */,
			);
			name = Frameworks;
			sourceTree = "<group>";
		};
		1F47002617492CC90006EA6F /* TUSafariActivity */ = {
			isa = PBXGroup;
			children = (
				1F47002717492CC90006EA6F /* TUSafariActivity.strings */,
				1F47003717492CC90006EA6F /* Safari.png */,
				1F47003817492CC90006EA6F /* Safari@2x.png */,
				1F47003917492CC90006EA6F /* Safari@2x~ipad.png */,
				1F47003A17492CC90006EA6F /* Safari~ipad.png */,
				1F47003D17492CC90006EA6F /* TUSafariActivity.h */,
				1F47003E17492CC90006EA6F /* TUSafariActivity.m */,
			);
			path = TUSafariActivity;
			sourceTree = "<group>";
		};
		1F47004717492D970006EA6F /* ARChromeActivity */ = {
			isa = PBXGroup;
			children = (
				1F47004817492D970006EA6F /* ARChromeActivity.h */,
				1F47004917492D970006EA6F /* ARChromeActivity.m */,
				1F47004A17492D970006EA6F /* ARChromeActivity.png */,
				1F47004B17492D970006EA6F /* ARChromeActivity@2x.png */,
				1F47004C17492D970006EA6F /* ARChromeActivity@2x~ipad.png */,
				1F47004D17492D970006EA6F /* ARChromeActivity~ipad.png */,
			);
			path = ARChromeActivity;
			sourceTree = "<group>";
		};
		1F54032017429A9C00388083 /* sonarJS */ = {
			isa = PBXGroup;
			children = (
				1F07153B174784A10080B014 /* Model */,
				1F54036217429A9C00388083 /* View */,
				1F54032317429A9C00388083 /* Controller */,
				1F0715421747BEF50080B014 /* Category */,
				1F07153A17477F510080B014 /* Application Support */,
				1F54033717429A9C00388083 /* Library */,
				1F54033517429A9C00388083 /* MainStoryboard.storyboard */,
			);
			path = sonarJS;
			sourceTree = "<group>";
		};
		1F54032317429A9C00388083 /* Controller */ = {
			isa = PBXGroup;
			children = (
				1F54032417429A9C00388083 /* DKArticleTableViewController.h */,
				1F54032517429A9C00388083 /* DKArticleTableViewController.m */,
				1F54032617429A9C00388083 /* DKArticleViewController.h */,
				1F54032717429A9C00388083 /* DKArticleViewController.m */,
				1F54032C17429A9C00388083 /* DKCommentsViewController.h */,
				1F54032D17429A9C00388083 /* DKCommentsViewController.m */,
				1F47005B174C0F860006EA6F /* DKCommentsTableViewController.h */,
				1F47005C174C0F860006EA6F /* DKCommentsTableViewController.m */,
			);
			path = Controller;
			sourceTree = "<group>";
		};
		1F54033717429A9C00388083 /* Library */ = {
			isa = PBXGroup;
			children = (
				1F47004717492D970006EA6F /* ARChromeActivity */,
				1F47002617492CC90006EA6F /* TUSafariActivity */,
				1F071574174908C50080B014 /* FlatUIKit */,
				1F0715501748041B0080B014 /* SVPullToRefresh */,
				1F0715461747DE1C0080B014 /* ECSlidingViewController */,
				1F54033817429A9C00388083 /* AFNetworking */,
				1F54034C17429A9C00388083 /* NSDate-TimeAgo */,
			);
			path = Library;
			sourceTree = "<group>";
		};
		1F54033817429A9C00388083 /* AFNetworking */ = {
			isa = PBXGroup;
			children = (
				1F54033917429A9C00388083 /* AFHTTPClient.h */,
				1F54033A17429A9C00388083 /* AFHTTPClient.m */,
				1F54033B17429A9C00388083 /* AFHTTPRequestOperation.h */,
				1F54033C17429A9C00388083 /* AFHTTPRequestOperation.m */,
				1F54033D17429A9C00388083 /* AFImageRequestOperation.h */,
				1F54033E17429A9C00388083 /* AFImageRequestOperation.m */,
				1F54033F17429A9C00388083 /* AFJSONRequestOperation.h */,
				1F54034017429A9C00388083 /* AFJSONRequestOperation.m */,
				1F54034117429A9C00388083 /* AFNetworkActivityIndicatorManager.h */,
				1F54034217429A9C00388083 /* AFNetworkActivityIndicatorManager.m */,
				1F54034317429A9C00388083 /* AFNetworking.h */,
				1F54034417429A9C00388083 /* AFPropertyListRequestOperation.h */,
				1F54034517429A9C00388083 /* AFPropertyListRequestOperation.m */,
				1F54034617429A9C00388083 /* AFURLConnectionOperation.h */,
				1F54034717429A9C00388083 /* AFURLConnectionOperation.m */,
				1F54034817429A9C00388083 /* AFXMLRequestOperation.h */,
				1F54034917429A9C00388083 /* AFXMLRequestOperation.m */,
				1F54034A17429A9C00388083 /* UIImageView+AFNetworking.h */,
				1F54034B17429A9C00388083 /* UIImageView+AFNetworking.m */,
			);
			path = AFNetworking;
			sourceTree = "<group>";
		};
		1F54034C17429A9C00388083 /* NSDate-TimeAgo */ = {
			isa = PBXGroup;
			children = (
				1F54034D17429A9C00388083 /* Localization */,
				1F54035A17429A9C00388083 /* NSDate+TimeAgo.h */,
				1F54035B17429A9C00388083 /* NSDate+TimeAgo.m */,
				1F54035C17429A9C00388083 /* README.md */,
			);
			path = "NSDate-TimeAgo";
			sourceTree = "<group>";
		};
		1F54034D17429A9C00388083 /* Localization */ = {
			isa = PBXGroup;
			children = (
				1F54034E17429A9C00388083 /* NSDateTimeAgo.strings */,
			);
			path = Localization;
			sourceTree = "<group>";
		};
		1F54036217429A9C00388083 /* View */ = {
			isa = PBXGroup;
			children = (
				1F54036317429A9C00388083 /* DKArticleTableViewCell.h */,
				1F54036417429A9C00388083 /* DKArticleTableViewCell.m */,
			);
			path = View;
			sourceTree = "<group>";
		};
/* End PBXGroup section */

/* Begin PBXNativeTarget section */
		1F31A75217312EDB004343FF /* sonarJS */ = {
			isa = PBXNativeTarget;
			buildConfigurationList = 1F31A77617312EDB004343FF /* Build configuration list for PBXNativeTarget "sonarJS" */;
			buildPhases = (
				1F31A74F17312EDB004343FF /* Sources */,
				1F31A75017312EDB004343FF /* Frameworks */,
				1F31A75117312EDB004343FF /* Resources */,
			);
			buildRules = (
			);
			dependencies = (
			);
			name = sonarJS;
			productName = echojs;
			productReference = 1F31A75317312EDB004343FF /* sonarJS.app */;
			productType = "com.apple.product-type.application";
		};
/* End PBXNativeTarget section */

/* Begin PBXProject section */
		1F31A74B17312EDB004343FF /* Project object */ = {
			isa = PBXProject;
			attributes = {
				CLASSPREFIX = DK;
				LastUpgradeCheck = 0460;
				ORGANIZATIONNAME = "Damien Klinnert";
			};
			buildConfigurationList = 1F31A74E17312EDB004343FF /* Build configuration list for PBXProject "sonarJS" */;
			compatibilityVersion = "Xcode 3.2";
			developmentRegion = English;
			hasScannedForEncodings = 0;
			knownRegions = (
				en,
				de,
				es,
				fi,
				fr,
				hu,
				it,
				nl,
				pt_BR,
				ru,
				zh_Hans,
				cs,
				eu,
				ja,
				ko,
				no,
				pl,
				pt,
				sk,
				sv,
				vi,
				zh_CN,
			);
			mainGroup = 1F31A74A17312EDB004343FF;
			productRefGroup = 1F31A75417312EDB004343FF /* Products */;
			projectDirPath = "";
			projectRoot = "";
			targets = (
				1F31A75217312EDB004343FF /* sonarJS */,
			);
		};
/* End PBXProject section */

/* Begin PBXResourcesBuildPhase section */
		1F31A75117312EDB004343FF /* Resources */ = {
			isa = PBXResourcesBuildPhase;
			buildActionMask = 2147483647;
			files = (
				1F8CE91E173F7BE10062B027 /* icon@2x.png in Resources */,
				1F8CE920173F7BE60062B027 /* icon.png in Resources */,
				1F54036917429A9C00388083 /* comments.png in Resources */,
				1F54036A17429A9C00388083 /* comments@2x.png in Resources */,
				1F54037417429A9C00388083 /* InfoPlist.strings in Resources */,
				1F54037517429A9C00388083 /* MainStoryboard.storyboard in Resources */,
				1F54037F17429A9C00388083 /* NSDateTimeAgo.strings in Resources */,
				1F54038117429A9C00388083 /* README.md in Resources */,
				1F54038317429A9C00388083 /* profile.png in Resources */,
				1F54038417429A9C00388083 /* profile@2x.png in Resources */,
				1F54038A17429D9900388083 /* Default-568h@2x.png in Resources */,
				1F54038C17429DA100388083 /* Default.png in Resources */,
				1F54038E17429DA800388083 /* Default@2x.png in Resources */,
				1F47004117492CCA0006EA6F /* TUSafariActivity.strings in Resources */,
				1F47004217492CCA0006EA6F /* Safari.png in Resources */,
				1F47004317492CCA0006EA6F /* Safari@2x.png in Resources */,
				1F47004417492CCA0006EA6F /* Safari@2x~ipad.png in Resources */,
				1F47004517492CCA0006EA6F /* Safari~ipad.png in Resources */,
				1F47004F17492D970006EA6F /* ARChromeActivity.png in Resources */,
				1F47005017492D970006EA6F /* ARChromeActivity@2x.png in Resources */,
				1F47005117492D970006EA6F /* ARChromeActivity@2x~ipad.png in Resources */,
				1F47005217492D970006EA6F /* ARChromeActivity~ipad.png in Resources */,
				1F470055174BDBFA0006EA6F /* back@2x.png in Resources */,
				1F470056174BDBFA0006EA6F /* back.png in Resources */,
				1F470059174BDCC00006EA6F /* barback@2x.png in Resources */,
				1F47005A174BDCC00006EA6F /* barback.png in Resources */,
			);
			runOnlyForDeploymentPostprocessing = 0;
		};
/* End PBXResourcesBuildPhase section */

/* Begin PBXSourcesBuildPhase section */
		1F31A74F17312EDB004343FF /* Sources */ = {
			isa = PBXSourcesBuildPhase;
			buildActionMask = 2147483647;
			files = (
				1F54036B17429A9C00388083 /* DKArticleTableViewController.m in Sources */,
				1F54036C17429A9C00388083 /* DKArticleViewController.m in Sources */,
				1F54036F17429A9C00388083 /* DKCommentsViewController.m in Sources */,
				1F54037317429A9C00388083 /* DKAppDelegate.m in Sources */,
				1F54037617429A9C00388083 /* AFHTTPClient.m in Sources */,
				1F54037717429A9C00388083 /* AFHTTPRequestOperation.m in Sources */,
				1F54037817429A9C00388083 /* AFImageRequestOperation.m in Sources */,
				1F54037917429A9C00388083 /* AFJSONRequestOperation.m in Sources */,
				1F54037A17429A9C00388083 /* AFNetworkActivityIndicatorManager.m in Sources */,
				1F54037B17429A9C00388083 /* AFPropertyListRequestOperation.m in Sources */,
				1F54037C17429A9C00388083 /* AFURLConnectionOperation.m in Sources */,
				1F54037D17429A9C00388083 /* AFXMLRequestOperation.m in Sources */,
				1F54037E17429A9C00388083 /* UIImageView+AFNetworking.m in Sources */,
				1F54038017429A9C00388083 /* NSDate+TimeAgo.m in Sources */,
				1F54038217429A9C00388083 /* main.m in Sources */,
				1F54038617429A9C00388083 /* DKArticleTableViewCell.m in Sources */,
				1F071541174789120080B014 /* DKEchoJS.m in Sources */,
				1F0715451747BF470080B014 /* UIApplication+NetworkActivityManager.m in Sources */,
				1F07154B1747DE1C0080B014 /* ECSlidingViewController.m in Sources */,
				1F07154C1747DE1C0080B014 /* UIImage+ImageWithUIView.m in Sources */,
				1F0715561748041B0080B014 /* UIScrollView+SVInfiniteScrolling.m in Sources */,
				1F0715571748041B0080B014 /* UIScrollView+SVPullToRefresh.m in Sources */,
				1F07158F174908C50080B014 /* FUIAlertView.m in Sources */,
				1F071590174908C50080B014 /* FUIButton.m in Sources */,
				1F071591174908C50080B014 /* FUISegmentedControl.m in Sources */,
				1F071592174908C50080B014 /* FUISwitch.m in Sources */,
				1F071593174908C50080B014 /* UIBarButtonItem+FlatUI.m in Sources */,
				1F071594174908C50080B014 /* UIColor+FlatUI.m in Sources */,
				1F071595174908C50080B014 /* UIFont+FlatUI.m in Sources */,
				1F071596174908C50080B014 /* UIImage+FlatUI.m in Sources */,
				1F071597174908C50080B014 /* UINavigationBar+FlatUI.m in Sources */,
				1F071598174908C50080B014 /* UIProgressView+FlatUI.m in Sources */,
				1F071599174908C50080B014 /* UISlider+FlatUI.m in Sources */,
				1F07159A174908C50080B014 /* UIStepper+FlatUI.m in Sources */,
				1F07159B174908C50080B014 /* UITabBar+FlatUI.m in Sources */,
				1F47004617492CCA0006EA6F /* TUSafariActivity.m in Sources */,
				1F47004E17492D970006EA6F /* ARChromeActivity.m in Sources */,
				1F47005D174C0F860006EA6F /* DKCommentsTableViewController.m in Sources */,
			);
			runOnlyForDeploymentPostprocessing = 0;
		};
/* End PBXSourcesBuildPhase section */

/* Begin PBXVariantGroup section */
		1F47002717492CC90006EA6F /* TUSafariActivity.strings */ = {
			isa = PBXVariantGroup;
			children = (
				1F47002817492CC90006EA6F /* cs */,
				1F47002917492CC90006EA6F /* de */,
				1F47002A17492CC90006EA6F /* en */,
				1F47002B17492CC90006EA6F /* es */,
				1F47002C17492CC90006EA6F /* eu */,
				1F47002D17492CC90006EA6F /* fi */,
				1F47002E17492CC90006EA6F /* fr */,
				1F47002F17492CC90006EA6F /* it */,
				1F47003017492CC90006EA6F /* ja */,
				1F47003117492CC90006EA6F /* ko */,
				1F47003217492CC90006EA6F /* nl */,
				1F47003317492CC90006EA6F /* no */,
				1F47003417492CC90006EA6F /* pl */,
				1F47003517492CC90006EA6F /* pt */,
				1F47003617492CC90006EA6F /* ru */,
				1F47003B17492CC90006EA6F /* sk */,
				1F47003C17492CC90006EA6F /* sv */,
				1F47003F17492CC90006EA6F /* vi */,
				1F47004017492CC90006EA6F /* zh_CN */,
			);
			name = TUSafariActivity.strings;
			sourceTree = "<group>";
		};
		1F54033317429A9C00388083 /* InfoPlist.strings */ = {
			isa = PBXVariantGroup;
			children = (
				1F54033417429A9C00388083 /* en */,
			);
			name = InfoPlist.strings;
			sourceTree = "<group>";
		};
		1F54033517429A9C00388083 /* MainStoryboard.storyboard */ = {
			isa = PBXVariantGroup;
			children = (
				1F54033617429A9C00388083 /* en */,
			);
			name = MainStoryboard.storyboard;
			sourceTree = "<group>";
		};
		1F54034E17429A9C00388083 /* NSDateTimeAgo.strings */ = {
			isa = PBXVariantGroup;
			children = (
				1F54034F17429A9C00388083 /* de */,
				1F54035017429A9C00388083 /* en */,
				1F54035117429A9C00388083 /* es */,
				1F54035217429A9C00388083 /* fi */,
				1F54035317429A9C00388083 /* fr */,
				1F54035417429A9C00388083 /* hu */,
				1F54035517429A9C00388083 /* it */,
				1F54035617429A9C00388083 /* nl */,
				1F54035717429A9C00388083 /* pt_BR */,
				1F54035817429A9C00388083 /* ru */,
				1F54035917429A9C00388083 /* zh_Hans */,
			);
			name = NSDateTimeAgo.strings;
			sourceTree = "<group>";
		};
/* End PBXVariantGroup section */

/* Begin XCBuildConfiguration section */
		1F31A77417312EDB004343FF /* Debug */ = {
			isa = XCBuildConfiguration;
			buildSettings = {
				ALWAYS_SEARCH_USER_PATHS = NO;
				CLANG_CXX_LANGUAGE_STANDARD = "gnu++0x";
				CLANG_CXX_LIBRARY = "libc++";
				CLANG_ENABLE_OBJC_ARC = YES;
				CLANG_WARN_CONSTANT_CONVERSION = YES;
				CLANG_WARN_EMPTY_BODY = YES;
				CLANG_WARN_ENUM_CONVERSION = YES;
				CLANG_WARN_INT_CONVERSION = YES;
				CLANG_WARN__DUPLICATE_METHOD_MATCH = YES;
				CODE_SIGN_IDENTITY = "iPhone Developer";
				"CODE_SIGN_IDENTITY[sdk=iphoneos*]" = "iPhone Developer";
				COPY_PHASE_STRIP = NO;
				GCC_C_LANGUAGE_STANDARD = gnu99;
				GCC_DYNAMIC_NO_PIC = NO;
				GCC_OPTIMIZATION_LEVEL = 0;
				GCC_PREPROCESSOR_DEFINITIONS = (
					"DEBUG=1",
					"$(inherited)",
				);
				GCC_SYMBOLS_PRIVATE_EXTERN = NO;
				GCC_WARN_ABOUT_RETURN_TYPE = YES;
				GCC_WARN_UNINITIALIZED_AUTOS = YES;
				GCC_WARN_UNUSED_VARIABLE = YES;
				IPHONEOS_DEPLOYMENT_TARGET = 6.1;
				ONLY_ACTIVE_ARCH = YES;
				PROVISIONING_PROFILE = "";
				"PROVISIONING_PROFILE[sdk=iphoneos*]" = "";
				SDKROOT = iphoneos;
			};
			name = Debug;
		};
		1F31A77517312EDB004343FF /* Release */ = {
			isa = XCBuildConfiguration;
			buildSettings = {
				ALWAYS_SEARCH_USER_PATHS = NO;
				CLANG_CXX_LANGUAGE_STANDARD = "gnu++0x";
				CLANG_CXX_LIBRARY = "libc++";
				CLANG_ENABLE_OBJC_ARC = YES;
				CLANG_WARN_CONSTANT_CONVERSION = YES;
				CLANG_WARN_EMPTY_BODY = YES;
				CLANG_WARN_ENUM_CONVERSION = YES;
				CLANG_WARN_INT_CONVERSION = YES;
				CLANG_WARN__DUPLICATE_METHOD_MATCH = YES;
				CODE_SIGN_IDENTITY = "iPhone Developer";
				"CODE_SIGN_IDENTITY[sdk=iphoneos*]" = "iPhone Developer";
				COPY_PHASE_STRIP = YES;
				GCC_C_LANGUAGE_STANDARD = gnu99;
				GCC_WARN_ABOUT_RETURN_TYPE = YES;
				GCC_WARN_UNINITIALIZED_AUTOS = YES;
				GCC_WARN_UNUSED_VARIABLE = YES;
				IPHONEOS_DEPLOYMENT_TARGET = 6.1;
				OTHER_CFLAGS = "-DNS_BLOCK_ASSERTIONS=1";
				PROVISIONING_PROFILE = "";
				"PROVISIONING_PROFILE[sdk=iphoneos*]" = "";
				SDKROOT = iphoneos;
				VALIDATE_PRODUCT = YES;
			};
			name = Release;
		};
		1F31A77717312EDB004343FF /* Debug */ = {
			isa = XCBuildConfiguration;
			buildSettings = {
				CODE_SIGN_IDENTITY = "iPhone Developer";
				"CODE_SIGN_IDENTITY[sdk=iphoneos*]" = "iPhone Developer";
				GCC_PRECOMPILE_PREFIX_HEADER = YES;
				GCC_PREFIX_HEADER = "sonarJS/sonarJS-Prefix.pch";
				INFOPLIST_FILE = "sonarJS/sonarJS-Info.plist";
				PRODUCT_NAME = sonarJS;
				PROVISIONING_PROFILE = "";
				"PROVISIONING_PROFILE[sdk=iphoneos*]" = "";
				WRAPPER_EXTENSION = app;
			};
			name = Debug;
		};
		1F31A77817312EDB004343FF /* Release */ = {
			isa = XCBuildConfiguration;
			buildSettings = {
				CODE_SIGN_IDENTITY = "iPhone Developer";
				"CODE_SIGN_IDENTITY[sdk=iphoneos*]" = "iPhone Developer";
				GCC_PRECOMPILE_PREFIX_HEADER = YES;
				GCC_PREFIX_HEADER = "sonarJS/sonarJS-Prefix.pch";
				INFOPLIST_FILE = "sonarJS/sonarJS-Info.plist";
				PRODUCT_NAME = sonarJS;
				PROVISIONING_PROFILE = "";
				"PROVISIONING_PROFILE[sdk=iphoneos*]" = "";
				WRAPPER_EXTENSION = app;
			};
			name = Release;
		};
/* End XCBuildConfiguration section */

/* Begin XCConfigurationList section */
		1F31A74E17312EDB004343FF /* Build configuration list for PBXProject "sonarJS" */ = {
			isa = XCConfigurationList;
			buildConfigurations = (
				1F31A77417312EDB004343FF /* Debug */,
				1F31A77517312EDB004343FF /* Release */,
			);
			defaultConfigurationIsVisible = 0;
			defaultConfigurationName = Release;
		};
		1F31A77617312EDB004343FF /* Build configuration list for PBXNativeTarget "sonarJS" */ = {
			isa = XCConfigurationList;
			buildConfigurations = (
				1F31A77717312EDB004343FF /* Debug */,
				1F31A77817312EDB004343FF /* Release */,
			);
			defaultConfigurationIsVisible = 0;
			defaultConfigurationName = Release;
		};
/* End XCConfigurationList section */
	};
	rootObject = 1F31A74B17312EDB004343FF /* Project object */;
}
